
Microsoft Visual Studio Solution File, Format Version 12.00
# Visual Studio Version 16
VisualStudioVersion = 16.0.29728.190
MinimumVisualStudioVersion = 10.0.40219.1
Project("{FAE04EC0-301F-11D3-BF4B-00C04F79EFBC}") = "App01_ControleXF.UWP", "App01_ControleXF.UWP\App01_ControleXF.UWP.csproj", "{32340E98-148E-4413-A945-A4A0D34486F2}"
EndProject
Project("{FAE04EC0-301F-11D3-BF4B-00C04F79EFBC}") = "App01_ControleXF.Android", "App01_ControleXF.Android\App01_ControleXF.Android.csproj", "{2DA8ACBB-9B2D-4D73-AD4E-256899F9757A}"
EndProject
Project("{FAE04EC0-301F-11D3-BF4B-00C04F79EFBC}") = "App01_ControleXF.iOS", "App01_ControleXF.iOS\App01_ControleXF.iOS.csproj", "{9219BCBF-6342-4931-AF29-50C9B42ABAF9}"
EndProject
Project("{FAE04EC0-301F-11D3-BF4B-00C04F79EFBC}") = "App01_ControleXF", "App01_ControleXF\App01_ControleXF.csproj", "{AE96ECBD-2A17-4CD5-8857-41DAC0D3EBE3}"
EndProject
Global
	GlobalSection(SolutionConfigurationPlatforms) = preSolution
		Debug|Any CPU = Debug|Any CPU
		Debug|ARM = Debug|ARM
		Debug|iPhone = Debug|iPhone
		Debug|iPhoneSimulator = Debug|iPhoneSimulator
		Debug|x64 = Debug|x64
		Debug|x86 = Debug|x86
		Release|Any CPU = Release|Any CPU
		Release|ARM = Release|ARM
		Release|iPhone = Release|iPhone
		Release|iPhoneSimulator = Release|iPhoneSimulator
		Release|x64 = Release|x64
		Release|x86 = Release|x86
	EndGlobalSection
	GlobalSection(ProjectConfigurationPlatforms) = postSolution
		{32340E98-148E-4413-A945-A4A0D34486F2}.Debug|Any CPU.ActiveCfg = Debug|x86
		{32340E98-148E-4413-A945-A4A0D34486F2}.Debug|Any CPU.Build.0 = Debug|x86
		{32340E98-148E-4413-A945-A4A0D34486F2}.Debug|Any CPU.Deploy.0 = Debug|x86
		{32340E98-148E-4413-A945-A4A0D34486F2}.Debug|ARM.ActiveCfg = Debug|ARM
		{32340E98-148E-4413-A945-A4A0D34486F2}.Debug|ARM.Build.0 = Debug|ARM
		{32340E98-148E-4413-A945-A4A0D34486F2}.Debug|ARM.Deploy.0 = Debug|ARM
		{32340E98-148E-4413-A945-A4A0D34486F2}.Debug|iPhone.ActiveCfg = Debug|x86
		{32340E98-148E-4413-A945-A4A0D34486F2}.Debug|iPhone.Build.0 = Debug|x86
		{32340E98-148E-4413-A945-A4A0D34486F2}.Debug|iPhone.Deploy.0 = Debug|x86
		{32340E98-148E-4413-A945-A4A0D34486F2}.Debug|iPhoneSimulator.ActiveCfg = Debug|x86
		{32340E98-148E-4413-A945-A4A0D34486F2}.Debug|iPhoneSimulator.Build.0 = Debug|x86
		{32340E98-148E-4413-A945-A4A0D34486F2}.Debug|iPhoneSimulator.Deploy.0 = Debug|x86
		{32340E98-148E-4413-A945-A4A0D34486F2}.Debug|x64.ActiveCfg = Debug|x64
		{32340E98-148E-4413-A945-A4A0D34486F2}.Debug|x64.Build.0 = Debug|x64
		{32340E98-148E-4413-A945-A4A0D34486F2}.Debug|x64.Deploy.0 = Debug|x64
		{32340E98-148E-4413-A945-A4A0D34486F2}.Debug|x86.ActiveCfg = Debug|x86
		{32340E98-148E-4413-A945-A4A0D34486F2}.Debug|x86.Build.0 = Debug|x86
		{32340E98-148E-4413-A945-A4A0D34486F2}.Debug|x86.Deploy.0 = Debug|x86
		{32340E98-148E-4413-A945-A4A0D34486F2}.Release|Any CPU.ActiveCfg = Release|x86
		{32340E98-148E-4413-A945-A4A0D34486F2}.Release|Any CPU.Build.0 = Release|x86
		{32340E98-148E-4413-A945-A4A0D34486F2}.Release|Any CPU.Deploy.0 = Release|x86
		{32340E98-148E-4413-A945-A4A0D34486F2}.Release|ARM.ActiveCfg = Release|ARM
		{32340E98-148E-4413-A945-A4A0D34486F2}.Release|ARM.Build.0 = Release|ARM
		{32340E98-148E-4413-A945-A4A0D34486F2}.Release|ARM.Deploy.0 = Release|ARM
		{32340E98-148E-4413-A945-A4A0D34486F2}.Release|iPhone.ActiveCfg = Release|x86
		{32340E98-148E-4413-A945-A4A0D34486F2}.Release|iPhone.Build.0 = Release|x86
		{32340E98-148E-4413-A945-A4A0D34486F2}.Release|iPhone.Deploy.0 = Release|x86
		{32340E98-148E-4413-A945-A4A0D34486F2}.Release|iPhoneSimulator.ActiveCfg = Release|x86
		{32340E98-148E-4413-A945-A4A0D34486F2}.Release|iPhoneSimulator.Build.0 = Release|x86
		{32340E98-148E-4413-A945-A4A0D34486F2}.Release|iPhoneSimulator.Deploy.0 = Release|x86
		{32340E98-148E-4413-A945-A4A0D34486F2}.Release|x64.ActiveCfg = Release|x64
		{32340E98-148E-4413-A945-A4A0D34486F2}.Release|x64.Build.0 = Release|x64
		{32340E98-148E-4413-A945-A4A0D34486F2}.Release|x64.Deploy.0 = Release|x64
		{32340E98-148E-4413-A945-A4A0D34486F2}.Release|x86.ActiveCfg = Release|x86
		{32340E98-148E-4413-A945-A4A0D34486F2}.Release|x86.Build.0 = Release|x86
		{32340E98-148E-4413-A945-A4A0D34486F2}.Release|x86.Deploy.0 = Release|x86
		{2DA8ACBB-9B2D-4D73-AD4E-256899F9757A}.Debug|Any CPU.ActiveCfg = Debug|Any CPU
		{2DA8ACBB-9B2D-4D73-AD4E-256899F9757A}.Debug|Any CPU.Build.0 = Debug|Any CPU
		{2DA8ACBB-9B2D-4D73-AD4E-256899F9757A}.Debug|Any CPU.Deploy.0 = Debug|Any CPU
		{2DA8ACBB-9B2D-4D73-AD4E-256899F9757A}.Debug|ARM.ActiveCfg = Debug|Any CPU
		{2DA8ACBB-9B2D-4D73-AD4E-256899F9757A}.Debug|ARM.Build.0 = Debug|Any CPU
		{2DA8ACBB-9B2D-4D73-AD4E-256899F9757A}.Debug|ARM.Deploy.0 = Debug|Any CPU
		{2DA8ACBB-9B2D-4D73-AD4E-256899F9757A}.Debug|iPhone.ActiveCfg = Debug|Any CPU
		{2DA8ACBB-9B2D-4D73-AD4E-256899F9757A}.Debug|iPhone.Build.0 = Debug|Any CPU
		{2DA8ACBB-9B2D-4D73-AD4E-256899F9757A}.Debug|iPhone.Deploy.0 = Debug|Any CPU
		{2DA8ACBB-9B2D-4D73-AD4E-256899F9757A}.Debug|iPhoneSimulator.ActiveCfg = Debug|Any CPU
		{2DA8ACBB-9B2D-4D73-AD4E-256899F9757A}.Debug|iPhoneSimulator.Build.0 = Debug|Any CPU
		{2DA8ACBB-9B2D-4D73-AD4E-256899F9757A}.Debug|iPhoneSimulator.Deploy.0 = Debug|Any CPU
		{2DA8ACBB-9B2D-4D73-AD4E-256899F9757A}.Debug|x64.ActiveCfg = Debug|Any CPU
		{2DA8ACBB-9B2D-4D73-AD4E-256899F9757A}.Debug|x64.Build.0 = Debug|Any CPU
		{2DA8ACBB-9B2D-4D73-AD4E-256899F9757A}.Debug|x64.Deploy.0 = Debug|Any CPU
		{2DA8ACBB-9B2D-4D73-AD4E-256899F9757A}.Debug|x86.ActiveCfg = Debug|Any CPU
		{2DA8ACBB-9B2D-4D73-AD4E-256899F9757A}.Debug|x86.Build.0 = Debug|Any CPU
		{2DA8ACBB-9B2D-4D73-AD4E-256899F9757A}.Debug|x86.Deploy.0 = Debug|Any CPU
		{2DA8ACBB-9B2D-4D73-AD4E-256899F9757A}.Release|Any CPU.ActiveCfg = Release|Any CPU
		{2DA8ACBB-9B2D-4D73-AD4E-256899F9757A}.Release|Any CPU.Build.0 = Release|Any CPU
		{2DA8ACBB-9B2D-4D73-AD4E-256899F9757A}.Release|Any CPU.Deploy.0 = Release|Any CPU
		{2DA8ACBB-9B2D-4D73-AD4E-256899F9757A}.Release|ARM.ActiveCfg = Release|Any CPU
		{2DA8ACBB-9B2D-4D73-AD4E-256899F9757A}.Release|ARM.Build.0 = Release|Any CPU
		{2DA8ACBB-9B2D-4D73-AD4E-256899F9757A}.Release|ARM.Deploy.0 = Release|Any CPU
		{2DA8ACBB-9B2D-4D73-AD4E-256899F9757A}.Release|iPhone.ActiveCfg = Release|Any CPU
		{2DA8ACBB-9B2D-4D73-AD4E-256899F9757A}.Release|iPhone.Build.0 = Release|Any CPU
		{2DA8ACBB-9B2D-4D73-AD4E-256899F9757A}.Release|iPhone.Deploy.0 = Release|Any CPU
		{2DA8ACBB-9B2D-4D73-AD4E-256899F9757A}.Release|iPhoneSimulator.ActiveCfg = Release|Any CPU
		{2DA8ACBB-9B2D-4D73-AD4E-256899F9757A}.Release|iPhoneSimulator.Build.0 = Release|Any CPU
		{2DA8ACBB-9B2D-4D73-AD4E-256899F9757A}.Release|iPhoneSimulator.Deploy.0 = Release|Any CPU
		{2DA8ACBB-9B2D-4D73-AD4E-256899F9757A}.Release|x64.ActiveCfg = Release|Any CPU
		{2DA8ACBB-9B2D-4D73-AD4E-256899F9757A}.Release|x64.Build.0 = Release|Any CPU
		{2DA8ACBB-9B2D-4D73-AD4E-256899F9757A}.Release|x64.Deploy.0 = Release|Any CPU
		{2DA8ACBB-9B2D-4D73-AD4E-256899F9757A}.Release|x86.ActiveCfg = Release|Any CPU
		{2DA8ACBB-9B2D-4D73-AD4E-256899F9757A}.Release|x86.Build.0 = Release|Any CPU
		{2DA8ACBB-9B2D-4D73-AD4E-256899F9757A}.Release|x86.Deploy.0 = Release|Any CPU
		{9219BCBF-6342-4931-AF29-50C9B42ABAF9}.Debug|Any CPU.ActiveCfg = Debug|iPhone
		{9219BCBF-6342-4931-AF29-50C9B42ABAF9}.Debug|Any CPU.Build.0 = Debug|iPhone
		{9219BCBF-6342-4931-AF29-50C9B42ABAF9}.Debug|Any CPU.Deploy.0 = Debug|iPhone
		{9219BCBF-6342-4931-AF29-50C9B42ABAF9}.Debug|ARM.ActiveCfg = Debug|iPhoneSimulator
		{9219BCBF-6342-4931-AF29-50C9B42ABAF9}.Debug|ARM.Build.0 = Debug|iPhoneSimulator
		{9219BCBF-6342-4931-AF29-50C9B42ABAF9}.Debug|ARM.Deploy.0 = Debug|iPhoneSimulator
		{9219BCBF-6342-4931-AF29-50C9B42ABAF9}.Debug|iPhone.ActiveCfg = Debug|iPhone
		{9219BCBF-6342-4931-AF29-50C9B42ABAF9}.Debug|iPhone.Build.0 = Debug|iPhone
		{9219BCBF-6342-4931-AF29-50C9B42ABAF9}.Debug|iPhone.Deploy.0 = Debug|iPhone
		{9219BCBF-6342-4931-AF29-50C9B42ABAF9}.Debug|iPhoneSimulator.ActiveCfg = Debug|iPhoneSimulator
		{9219BCBF-6342-4931-AF29-50C9B42ABAF9}.Debug|iPhoneSimulator.Build.0 = Debug|iPhoneSimulator
		{9219BCBF-6342-4931-AF29-50C9B42ABAF9}.Debug|iPhoneSimulator.Deploy.0 = Debug|iPhoneSimulator
		{9219BCBF-6342-4931-AF29-50C9B42ABAF9}.Debug|x64.ActiveCfg = Debug|iPhone
		{9219BCBF-6342-4931-AF29-50C9B42ABAF9}.Debug|x64.Build.0 = Debug|iPhone
		{9219BCBF-6342-4931-AF29-50C9B42ABAF9}.Debug|x64.Deploy.0 = Debug|iPhone
		{9219BCBF-6342-4931-AF29-50C9B42ABAF9}.Debug|x86.ActiveCfg = Debug|iPhone
		{9219BCBF-6342-4931-AF29-50C9B42ABAF9}.Debug|x86.Build.0 = Debug|iPhone
		{9219BCBF-6342-4931-AF29-50C9B42ABAF9}.Debug|x86.Deploy.0 = Debug|iPhone
		{9219BCBF-6342-4931-AF29-50C9B42ABAF9}.Release|Any CPU.ActiveCfg = Release|iPhone
		{9219BCBF-6342-4931-AF29-50C9B42ABAF9}.Release|Any CPU.Build.0 = Release|iPhone
		{9219BCBF-6342-4931-AF29-50C9B42ABAF9}.Release|Any CPU.Deploy.0 = Release|iPhone
		{9219BCBF-6342-4931-AF29-50C9B42ABAF9}.Release|ARM.ActiveCfg = Release|iPhone
		{9219BCBF-6342-4931-AF29-50C9B42ABAF9}.Release|ARM.Build.0 = Release|iPhone
		{9219BCBF-6342-4931-AF29-50C9B42ABAF9}.Release|ARM.Deploy.0 = Release|iPhone
		{9219BCBF-6342-4931-AF29-50C9B42ABAF9}.Release|iPhone.ActiveCfg = Release|iPhone
		{9219BCBF-6342-4931-AF29-50C9B42ABAF9}.Release|iPhone.Build.0 = Release|iPhone
		{9219BCBF-6342-4931-AF29-50C9B42ABAF9}.Release|iPhone.Deploy.0 = Release|iPhone
		{9219BCBF-6342-4931-AF29-50C9B42ABAF9}.Release|iPhoneSimulator.ActiveCfg = Release|iPhoneSimulator
		{9219BCBF-6342-4931-AF29-50C9B42ABAF9}.Release|iPhoneSimulator.Build.0 = Release|iPhoneSimulator
		{9219BCBF-6342-4931-AF29-50C9B42ABAF9}.Release|iPhoneSimulator.Deploy.0 = Release|iPhoneSimulator
		{9219BCBF-6342-4931-AF29-50C9B42ABAF9}.Release|x64.ActiveCfg = Release|iPhone
		{9219BCBF-6342-4931-AF29-50C9B42ABAF9}.Release|x64.Build.0 = Release|iPhone
		{9219BCBF-6342-4931-AF29-50C9B42ABAF9}.Release|x64.Deploy.0 = Release|iPhone
		{9219BCBF-6342-4931-AF29-50C9B42ABAF9}.Release|x86.ActiveCfg = Release|iPhone
		{9219BCBF-6342-4931-AF29-50C9B42ABAF9}.Release|x86.Build.0 = Release|iPhone
		{9219BCBF-6342-4931-AF29-50C9B42ABAF9}.Release|x86.Deploy.0 = Release|iPhone
		{AE96ECBD-2A17-4CD5-8857-41DAC0D3EBE3}.Debug|Any CPU.ActiveCfg = Debug|Any CPU
		{AE96ECBD-2A17-4CD5-8857-41DAC0D3EBE3}.Debug|Any CPU.Build.0 = Debug|Any CPU
		{AE96ECBD-2A17-4CD5-8857-41DAC0D3EBE3}.Debug|Any CPU.Deploy.0 = Debug|Any CPU
		{AE96ECBD-2A17-4CD5-8857-41DAC0D3EBE3}.Debug|ARM.ActiveCfg = Debug|Any CPU
		{AE96ECBD-2A17-4CD5-8857-41DAC0D3EBE3}.Debug|ARM.Build.0 = Debug|Any CPU
		{AE96ECBD-2A17-4CD5-8857-41DAC0D3EBE3}.Debug|ARM.Deploy.0 = Debug|Any CPU
		{AE96ECBD-2A17-4CD5-8857-41DAC0D3EBE3}.Debug|iPhone.ActiveCfg = Debug|Any CPU
		{AE96ECBD-2A17-4CD5-8857-41DAC0D3EBE3}.Debug|iPhone.Build.0 = Debug|Any CPU
		{AE96ECBD-2A17-4CD5-8857-41DAC0D3EBE3}.Debug|iPhone.Deploy.0 = Debug|Any CPU
		{AE96ECBD-2A17-4CD5-8857-41DAC0D3EBE3}.Debug|iPhoneSimulator.ActiveCfg = Debug|Any CPU
		{AE96ECBD-2A17-4CD5-8857-41DAC0D3EBE3}.Debug|iPhoneSimulator.Build.0 = Debug|Any CPU
		{AE96ECBD-2A17-4CD5-8857-41DAC0D3EBE3}.Debug|iPhoneSimulator.Deploy.0 = Debug|Any CPU
		{AE96ECBD-2A17-4CD5-8857-41DAC0D3EBE3}.Debug|x64.ActiveCfg = Debug|Any CPU
		{AE96ECBD-2A17-4CD5-8857-41DAC0D3EBE3}.Debug|x64.Build.0 = Debug|Any CPU
		{AE96ECBD-2A17-4CD5-8857-41DAC0D3EBE3}.Debug|x64.Deploy.0 = Debug|Any CPU
		{AE96ECBD-2A17-4CD5-8857-41DAC0D3EBE3}.Debug|x86.ActiveCfg = Debug|Any CPU
		{AE96ECBD-2A17-4CD5-8857-41DAC0D3EBE3}.Debug|x86.Build.0 = Debug|Any CPU
		{AE96ECBD-2A17-4CD5-8857-41DAC0D3EBE3}.Debug|x86.Deploy.0 = Debug|Any CPU
		{AE96ECBD-2A17-4CD5-8857-41DAC0D3EBE3}.Release|Any CPU.ActiveCfg = Release|Any CPU
		{AE96ECBD-2A17-4CD5-8857-41DAC0D3EBE3}.Release|Any CPU.Build.0 = Release|Any CPU
		{AE96ECBD-2A17-4CD5-8857-41DAC0D3EBE3}.Release|Any CPU.Deploy.0 = Release|Any CPU
		{AE96ECBD-2A17-4CD5-8857-41DAC0D3EBE3}.Release|ARM.ActiveCfg = Release|Any CPU
		{AE96ECBD-2A17-4CD5-8857-41DAC0D3EBE3}.Release|ARM.Build.0 = Release|Any CPU
		{AE96ECBD-2A17-4CD5-8857-41DAC0D3EBE3}.Release|ARM.Deploy.0 = Release|Any CPU
		{AE96ECBD-2A17-4CD5-8857-41DAC0D3EBE3}.Release|iPhone.ActiveCfg = Release|Any CPU
		{AE96ECBD-2A17-4CD5-8857-41DAC0D3EBE3}.Release|iPhone.Build.0 = Release|Any CPU
		{AE96ECBD-2A17-4CD5-8857-41DAC0D3EBE3}.Release|iPhone.Deploy.0 = Release|Any CPU
		{AE96ECBD-2A17-4CD5-8857-41DAC0D3EBE3}.Release|iPhoneSimulator.ActiveCfg = Release|Any CPU
		{AE96ECBD-2A17-4CD5-8857-41DAC0D3EBE3}.Release|iPhoneSimulator.Build.0 = Release|Any CPU
		{AE96ECBD-2A17-4CD5-8857-41DAC0D3EBE3}.Release|iPhoneSimulator.Deploy.0 = Release|Any CPU
		{AE96ECBD-2A17-4CD5-8857-41DAC0D3EBE3}.Release|x64.ActiveCfg = Release|Any CPU
		{AE96ECBD-2A17-4CD5-8857-41DAC0D3EBE3}.Release|x64.Build.0 = Release|Any CPU
		{AE96ECBD-2A17-4CD5-8857-41DAC0D3EBE3}.Release|x64.Deploy.0 = Release|Any CPU
		{AE96ECBD-2A17-4CD5-8857-41DAC0D3EBE3}.Release|x86.ActiveCfg = Release|Any CPU
		{AE96ECBD-2A17-4CD5-8857-41DAC0D3EBE3}.Release|x86.Build.0 = Release|Any CPU
		{AE96ECBD-2A17-4CD5-8857-41DAC0D3EBE3}.Release|x86.Deploy.0 = Release|Any CPU
	EndGlobalSection
	GlobalSection(SolutionProperties) = preSolution
		HideSolutionNode = FALSE
	EndGlobalSection
	GlobalSection(ExtensibilityGlobals) = postSolution
		SolutionGuid = {64A2C330-77A3-4596-B887-41CC45DF4FF6}
	EndGlobalSection
EndGlobal
