
Microsoft Visual Studio Solution File, Format Version 12.00
# Visual Studio Version 16
VisualStudioVersion = 16.0.29728.190
MinimumVisualStudioVersion = 10.0.40219.1
Project("{FAE04EC0-301F-11D3-BF4B-00C04F79EFBC}") = "App2_Tarefa.UWP", "App2_Tarefa.UWP\App2_Tarefa.UWP.csproj", "{DCFC815E-A847-463A-B9BE-DF82984B5C3F}"
EndProject
Project("{FAE04EC0-301F-11D3-BF4B-00C04F79EFBC}") = "App2_Tarefa.Android", "App2_Tarefa.Android\App2_Tarefa.Android.csproj", "{427C4DD4-7F5D-4BDF-A414-F304EEF2E6F9}"
EndProject
Project("{FAE04EC0-301F-11D3-BF4B-00C04F79EFBC}") = "App2_Tarefa.iOS", "App2_Tarefa.iOS\App2_Tarefa.iOS.csproj", "{B283B08A-208D-44BD-ACC9-37A7FCF05918}"
EndProject
Project("{FAE04EC0-301F-11D3-BF4B-00C04F79EFBC}") = "App2_Tarefa", "App2_Tarefa\App2_Tarefa.csproj", "{45A0D527-7F43-4D56-904C-6B95C82E35EC}"
EndProject
Global
	GlobalSection(SolutionConfigurationPlatforms) = preSolution
		Debug|Any CPU = Debug|Any CPU
		Debug|ARM = Debug|ARM
		Debug|iPhone = Debug|iPhone
		Debug|iPhoneSimulator = Debug|iPhoneSimulator
		Debug|x64 = Debug|x64
		Debug|x86 = Debug|x86
		Release|Any CPU = Release|Any CPU
		Release|ARM = Release|ARM
		Release|iPhone = Release|iPhone
		Release|iPhoneSimulator = Release|iPhoneSimulator
		Release|x64 = Release|x64
		Release|x86 = Release|x86
	EndGlobalSection
	GlobalSection(ProjectConfigurationPlatforms) = postSolution
		{DCFC815E-A847-463A-B9BE-DF82984B5C3F}.Debug|Any CPU.ActiveCfg = Debug|x86
		{DCFC815E-A847-463A-B9BE-DF82984B5C3F}.Debug|Any CPU.Build.0 = Debug|x86
		{DCFC815E-A847-463A-B9BE-DF82984B5C3F}.Debug|Any CPU.Deploy.0 = Debug|x86
		{DCFC815E-A847-463A-B9BE-DF82984B5C3F}.Debug|ARM.ActiveCfg = Debug|ARM
		{DCFC815E-A847-463A-B9BE-DF82984B5C3F}.Debug|ARM.Build.0 = Debug|ARM
		{DCFC815E-A847-463A-B9BE-DF82984B5C3F}.Debug|ARM.Deploy.0 = Debug|ARM
		{DCFC815E-A847-463A-B9BE-DF82984B5C3F}.Debug|iPhone.ActiveCfg = Debug|x86
		{DCFC815E-A847-463A-B9BE-DF82984B5C3F}.Debug|iPhone.Build.0 = Debug|x86
		{DCFC815E-A847-463A-B9BE-DF82984B5C3F}.Debug|iPhone.Deploy.0 = Debug|x86
		{DCFC815E-A847-463A-B9BE-DF82984B5C3F}.Debug|iPhoneSimulator.ActiveCfg = Debug|x86
		{DCFC815E-A847-463A-B9BE-DF82984B5C3F}.Debug|iPhoneSimulator.Build.0 = Debug|x86
		{DCFC815E-A847-463A-B9BE-DF82984B5C3F}.Debug|iPhoneSimulator.Deploy.0 = Debug|x86
		{DCFC815E-A847-463A-B9BE-DF82984B5C3F}.Debug|x64.ActiveCfg = Debug|x64
		{DCFC815E-A847-463A-B9BE-DF82984B5C3F}.Debug|x64.Build.0 = Debug|x64
		{DCFC815E-A847-463A-B9BE-DF82984B5C3F}.Debug|x64.Deploy.0 = Debug|x64
		{DCFC815E-A847-463A-B9BE-DF82984B5C3F}.Debug|x86.ActiveCfg = Debug|x86
		{DCFC815E-A847-463A-B9BE-DF82984B5C3F}.Debug|x86.Build.0 = Debug|x86
		{DCFC815E-A847-463A-B9BE-DF82984B5C3F}.Debug|x86.Deploy.0 = Debug|x86
		{DCFC815E-A847-463A-B9BE-DF82984B5C3F}.Release|Any CPU.ActiveCfg = Release|x86
		{DCFC815E-A847-463A-B9BE-DF82984B5C3F}.Release|Any CPU.Build.0 = Release|x86
		{DCFC815E-A847-463A-B9BE-DF82984B5C3F}.Release|Any CPU.Deploy.0 = Release|x86
		{DCFC815E-A847-463A-B9BE-DF82984B5C3F}.Release|ARM.ActiveCfg = Release|ARM
		{DCFC815E-A847-463A-B9BE-DF82984B5C3F}.Release|ARM.Build.0 = Release|ARM
		{DCFC815E-A847-463A-B9BE-DF82984B5C3F}.Release|ARM.Deploy.0 = Release|ARM
		{DCFC815E-A847-463A-B9BE-DF82984B5C3F}.Release|iPhone.ActiveCfg = Release|x86
		{DCFC815E-A847-463A-B9BE-DF82984B5C3F}.Release|iPhone.Build.0 = Release|x86
		{DCFC815E-A847-463A-B9BE-DF82984B5C3F}.Release|iPhone.Deploy.0 = Release|x86
		{DCFC815E-A847-463A-B9BE-DF82984B5C3F}.Release|iPhoneSimulator.ActiveCfg = Release|x86
		{DCFC815E-A847-463A-B9BE-DF82984B5C3F}.Release|iPhoneSimulator.Build.0 = Release|x86
		{DCFC815E-A847-463A-B9BE-DF82984B5C3F}.Release|iPhoneSimulator.Deploy.0 = Release|x86
		{DCFC815E-A847-463A-B9BE-DF82984B5C3F}.Release|x64.ActiveCfg = Release|x64
		{DCFC815E-A847-463A-B9BE-DF82984B5C3F}.Release|x64.Build.0 = Release|x64
		{DCFC815E-A847-463A-B9BE-DF82984B5C3F}.Release|x64.Deploy.0 = Release|x64
		{DCFC815E-A847-463A-B9BE-DF82984B5C3F}.Release|x86.ActiveCfg = Release|x86
		{DCFC815E-A847-463A-B9BE-DF82984B5C3F}.Release|x86.Build.0 = Release|x86
		{DCFC815E-A847-463A-B9BE-DF82984B5C3F}.Release|x86.Deploy.0 = Release|x86
		{427C4DD4-7F5D-4BDF-A414-F304EEF2E6F9}.Debug|Any CPU.ActiveCfg = Debug|Any CPU
		{427C4DD4-7F5D-4BDF-A414-F304EEF2E6F9}.Debug|Any CPU.Build.0 = Debug|Any CPU
		{427C4DD4-7F5D-4BDF-A414-F304EEF2E6F9}.Debug|Any CPU.Deploy.0 = Debug|Any CPU
		{427C4DD4-7F5D-4BDF-A414-F304EEF2E6F9}.Debug|ARM.ActiveCfg = Debug|Any CPU
		{427C4DD4-7F5D-4BDF-A414-F304EEF2E6F9}.Debug|ARM.Build.0 = Debug|Any CPU
		{427C4DD4-7F5D-4BDF-A414-F304EEF2E6F9}.Debug|ARM.Deploy.0 = Debug|Any CPU
		{427C4DD4-7F5D-4BDF-A414-F304EEF2E6F9}.Debug|iPhone.ActiveCfg = Debug|Any CPU
		{427C4DD4-7F5D-4BDF-A414-F304EEF2E6F9}.Debug|iPhone.Build.0 = Debug|Any CPU
		{427C4DD4-7F5D-4BDF-A414-F304EEF2E6F9}.Debug|iPhone.Deploy.0 = Debug|Any CPU
		{427C4DD4-7F5D-4BDF-A414-F304EEF2E6F9}.Debug|iPhoneSimulator.ActiveCfg = Debug|Any CPU
		{427C4DD4-7F5D-4BDF-A414-F304EEF2E6F9}.Debug|iPhoneSimulator.Build.0 = Debug|Any CPU
		{427C4DD4-7F5D-4BDF-A414-F304EEF2E6F9}.Debug|iPhoneSimulator.Deploy.0 = Debug|Any CPU
		{427C4DD4-7F5D-4BDF-A414-F304EEF2E6F9}.Debug|x64.ActiveCfg = Debug|Any CPU
		{427C4DD4-7F5D-4BDF-A414-F304EEF2E6F9}.Debug|x64.Build.0 = Debug|Any CPU
		{427C4DD4-7F5D-4BDF-A414-F304EEF2E6F9}.Debug|x64.Deploy.0 = Debug|Any CPU
		{427C4DD4-7F5D-4BDF-A414-F304EEF2E6F9}.Debug|x86.ActiveCfg = Debug|Any CPU
		{427C4DD4-7F5D-4BDF-A414-F304EEF2E6F9}.Debug|x86.Build.0 = Debug|Any CPU
		{427C4DD4-7F5D-4BDF-A414-F304EEF2E6F9}.Debug|x86.Deploy.0 = Debug|Any CPU
		{427C4DD4-7F5D-4BDF-A414-F304EEF2E6F9}.Release|Any CPU.ActiveCfg = Release|Any CPU
		{427C4DD4-7F5D-4BDF-A414-F304EEF2E6F9}.Release|Any CPU.Build.0 = Release|Any CPU
		{427C4DD4-7F5D-4BDF-A414-F304EEF2E6F9}.Release|Any CPU.Deploy.0 = Release|Any CPU
		{427C4DD4-7F5D-4BDF-A414-F304EEF2E6F9}.Release|ARM.ActiveCfg = Release|Any CPU
		{427C4DD4-7F5D-4BDF-A414-F304EEF2E6F9}.Release|ARM.Build.0 = Release|Any CPU
		{427C4DD4-7F5D-4BDF-A414-F304EEF2E6F9}.Release|ARM.Deploy.0 = Release|Any CPU
		{427C4DD4-7F5D-4BDF-A414-F304EEF2E6F9}.Release|iPhone.ActiveCfg = Release|Any CPU
		{427C4DD4-7F5D-4BDF-A414-F304EEF2E6F9}.Release|iPhone.Build.0 = Release|Any CPU
		{427C4DD4-7F5D-4BDF-A414-F304EEF2E6F9}.Release|iPhone.Deploy.0 = Release|Any CPU
		{427C4DD4-7F5D-4BDF-A414-F304EEF2E6F9}.Release|iPhoneSimulator.ActiveCfg = Release|Any CPU
		{427C4DD4-7F5D-4BDF-A414-F304EEF2E6F9}.Release|iPhoneSimulator.Build.0 = Release|Any CPU
		{427C4DD4-7F5D-4BDF-A414-F304EEF2E6F9}.Release|iPhoneSimulator.Deploy.0 = Release|Any CPU
		{427C4DD4-7F5D-4BDF-A414-F304EEF2E6F9}.Release|x64.ActiveCfg = Release|Any CPU
		{427C4DD4-7F5D-4BDF-A414-F304EEF2E6F9}.Release|x64.Build.0 = Release|Any CPU
		{427C4DD4-7F5D-4BDF-A414-F304EEF2E6F9}.Release|x64.Deploy.0 = Release|Any CPU
		{427C4DD4-7F5D-4BDF-A414-F304EEF2E6F9}.Release|x86.ActiveCfg = Release|Any CPU
		{427C4DD4-7F5D-4BDF-A414-F304EEF2E6F9}.Release|x86.Build.0 = Release|Any CPU
		{427C4DD4-7F5D-4BDF-A414-F304EEF2E6F9}.Release|x86.Deploy.0 = Release|Any CPU
		{B283B08A-208D-44BD-ACC9-37A7FCF05918}.Debug|Any CPU.ActiveCfg = Debug|iPhone
		{B283B08A-208D-44BD-ACC9-37A7FCF05918}.Debug|Any CPU.Build.0 = Debug|iPhone
		{B283B08A-208D-44BD-ACC9-37A7FCF05918}.Debug|Any CPU.Deploy.0 = Debug|iPhone
		{B283B08A-208D-44BD-ACC9-37A7FCF05918}.Debug|ARM.ActiveCfg = Debug|iPhoneSimulator
		{B283B08A-208D-44BD-ACC9-37A7FCF05918}.Debug|ARM.Build.0 = Debug|iPhoneSimulator
		{B283B08A-208D-44BD-ACC9-37A7FCF05918}.Debug|ARM.Deploy.0 = Debug|iPhoneSimulator
		{B283B08A-208D-44BD-ACC9-37A7FCF05918}.Debug|iPhone.ActiveCfg = Debug|iPhone
		{B283B08A-208D-44BD-ACC9-37A7FCF05918}.Debug|iPhone.Build.0 = Debug|iPhone
		{B283B08A-208D-44BD-ACC9-37A7FCF05918}.Debug|iPhone.Deploy.0 = Debug|iPhone
		{B283B08A-208D-44BD-ACC9-37A7FCF05918}.Debug|iPhoneSimulator.ActiveCfg = Debug|iPhoneSimulator
		{B283B08A-208D-44BD-ACC9-37A7FCF05918}.Debug|iPhoneSimulator.Build.0 = Debug|iPhoneSimulator
		{B283B08A-208D-44BD-ACC9-37A7FCF05918}.Debug|iPhoneSimulator.Deploy.0 = Debug|iPhoneSimulator
		{B283B08A-208D-44BD-ACC9-37A7FCF05918}.Debug|x64.ActiveCfg = Debug|iPhone
		{B283B08A-208D-44BD-ACC9-37A7FCF05918}.Debug|x64.Build.0 = Debug|iPhone
		{B283B08A-208D-44BD-ACC9-37A7FCF05918}.Debug|x64.Deploy.0 = Debug|iPhone
		{B283B08A-208D-44BD-ACC9-37A7FCF05918}.Debug|x86.ActiveCfg = Debug|iPhone
		{B283B08A-208D-44BD-ACC9-37A7FCF05918}.Debug|x86.Build.0 = Debug|iPhone
		{B283B08A-208D-44BD-ACC9-37A7FCF05918}.Debug|x86.Deploy.0 = Debug|iPhone
		{B283B08A-208D-44BD-ACC9-37A7FCF05918}.Release|Any CPU.ActiveCfg = Release|iPhone
		{B283B08A-208D-44BD-ACC9-37A7FCF05918}.Release|Any CPU.Build.0 = Release|iPhone
		{B283B08A-208D-44BD-ACC9-37A7FCF05918}.Release|Any CPU.Deploy.0 = Release|iPhone
		{B283B08A-208D-44BD-ACC9-37A7FCF05918}.Release|ARM.ActiveCfg = Release|iPhone
		{B283B08A-208D-44BD-ACC9-37A7FCF05918}.Release|ARM.Build.0 = Release|iPhone
		{B283B08A-208D-44BD-ACC9-37A7FCF05918}.Release|ARM.Deploy.0 = Release|iPhone
		{B283B08A-208D-44BD-ACC9-37A7FCF05918}.Release|iPhone.ActiveCfg = Release|iPhone
		{B283B08A-208D-44BD-ACC9-37A7FCF05918}.Release|iPhone.Build.0 = Release|iPhone
		{B283B08A-208D-44BD-ACC9-37A7FCF05918}.Release|iPhone.Deploy.0 = Release|iPhone
		{B283B08A-208D-44BD-ACC9-37A7FCF05918}.Release|iPhoneSimulator.ActiveCfg = Release|iPhoneSimulator
		{B283B08A-208D-44BD-ACC9-37A7FCF05918}.Release|iPhoneSimulator.Build.0 = Release|iPhoneSimulator
		{B283B08A-208D-44BD-ACC9-37A7FCF05918}.Release|iPhoneSimulator.Deploy.0 = Release|iPhoneSimulator
		{B283B08A-208D-44BD-ACC9-37A7FCF05918}.Release|x64.ActiveCfg = Release|iPhone
		{B283B08A-208D-44BD-ACC9-37A7FCF05918}.Release|x64.Build.0 = Release|iPhone
		{B283B08A-208D-44BD-ACC9-37A7FCF05918}.Release|x64.Deploy.0 = Release|iPhone
		{B283B08A-208D-44BD-ACC9-37A7FCF05918}.Release|x86.ActiveCfg = Release|iPhone
		{B283B08A-208D-44BD-ACC9-37A7FCF05918}.Release|x86.Build.0 = Release|iPhone
		{B283B08A-208D-44BD-ACC9-37A7FCF05918}.Release|x86.Deploy.0 = Release|iPhone
		{45A0D527-7F43-4D56-904C-6B95C82E35EC}.Debug|Any CPU.ActiveCfg = Debug|Any CPU
		{45A0D527-7F43-4D56-904C-6B95C82E35EC}.Debug|Any CPU.Build.0 = Debug|Any CPU
		{45A0D527-7F43-4D56-904C-6B95C82E35EC}.Debug|Any CPU.Deploy.0 = Debug|Any CPU
		{45A0D527-7F43-4D56-904C-6B95C82E35EC}.Debug|ARM.ActiveCfg = Debug|Any CPU
		{45A0D527-7F43-4D56-904C-6B95C82E35EC}.Debug|ARM.Build.0 = Debug|Any CPU
		{45A0D527-7F43-4D56-904C-6B95C82E35EC}.Debug|ARM.Deploy.0 = Debug|Any CPU
		{45A0D527-7F43-4D56-904C-6B95C82E35EC}.Debug|iPhone.ActiveCfg = Debug|Any CPU
		{45A0D527-7F43-4D56-904C-6B95C82E35EC}.Debug|iPhone.Build.0 = Debug|Any CPU
		{45A0D527-7F43-4D56-904C-6B95C82E35EC}.Debug|iPhone.Deploy.0 = Debug|Any CPU
		{45A0D527-7F43-4D56-904C-6B95C82E35EC}.Debug|iPhoneSimulator.ActiveCfg = Debug|Any CPU
		{45A0D527-7F43-4D56-904C-6B95C82E35EC}.Debug|iPhoneSimulator.Build.0 = Debug|Any CPU
		{45A0D527-7F43-4D56-904C-6B95C82E35EC}.Debug|iPhoneSimulator.Deploy.0 = Debug|Any CPU
		{45A0D527-7F43-4D56-904C-6B95C82E35EC}.Debug|x64.ActiveCfg = Debug|Any CPU
		{45A0D527-7F43-4D56-904C-6B95C82E35EC}.Debug|x64.Build.0 = Debug|Any CPU
		{45A0D527-7F43-4D56-904C-6B95C82E35EC}.Debug|x64.Deploy.0 = Debug|Any CPU
		{45A0D527-7F43-4D56-904C-6B95C82E35EC}.Debug|x86.ActiveCfg = Debug|Any CPU
		{45A0D527-7F43-4D56-904C-6B95C82E35EC}.Debug|x86.Build.0 = Debug|Any CPU
		{45A0D527-7F43-4D56-904C-6B95C82E35EC}.Debug|x86.Deploy.0 = Debug|Any CPU
		{45A0D527-7F43-4D56-904C-6B95C82E35EC}.Release|Any CPU.ActiveCfg = Release|Any CPU
		{45A0D527-7F43-4D56-904C-6B95C82E35EC}.Release|Any CPU.Build.0 = Release|Any CPU
		{45A0D527-7F43-4D56-904C-6B95C82E35EC}.Release|Any CPU.Deploy.0 = Release|Any CPU
		{45A0D527-7F43-4D56-904C-6B95C82E35EC}.Release|ARM.ActiveCfg = Release|Any CPU
		{45A0D527-7F43-4D56-904C-6B95C82E35EC}.Release|ARM.Build.0 = Release|Any CPU
		{45A0D527-7F43-4D56-904C-6B95C82E35EC}.Release|ARM.Deploy.0 = Release|Any CPU
		{45A0D527-7F43-4D56-904C-6B95C82E35EC}.Release|iPhone.ActiveCfg = Release|Any CPU
		{45A0D527-7F43-4D56-904C-6B95C82E35EC}.Release|iPhone.Build.0 = Release|Any CPU
		{45A0D527-7F43-4D56-904C-6B95C82E35EC}.Release|iPhone.Deploy.0 = Release|Any CPU
		{45A0D527-7F43-4D56-904C-6B95C82E35EC}.Release|iPhoneSimulator.ActiveCfg = Release|Any CPU
		{45A0D527-7F43-4D56-904C-6B95C82E35EC}.Release|iPhoneSimulator.Build.0 = Release|Any CPU
		{45A0D527-7F43-4D56-904C-6B95C82E35EC}.Release|iPhoneSimulator.Deploy.0 = Release|Any CPU
		{45A0D527-7F43-4D56-904C-6B95C82E35EC}.Release|x64.ActiveCfg = Release|Any CPU
		{45A0D527-7F43-4D56-904C-6B95C82E35EC}.Release|x64.Build.0 = Release|Any CPU
		{45A0D527-7F43-4D56-904C-6B95C82E35EC}.Release|x64.Deploy.0 = Release|Any CPU
		{45A0D527-7F43-4D56-904C-6B95C82E35EC}.Release|x86.ActiveCfg = Release|Any CPU
		{45A0D527-7F43-4D56-904C-6B95C82E35EC}.Release|x86.Build.0 = Release|Any CPU
		{45A0D527-7F43-4D56-904C-6B95C82E35EC}.Release|x86.Deploy.0 = Release|Any CPU
	EndGlobalSection
	GlobalSection(SolutionProperties) = preSolution
		HideSolutionNode = FALSE
	EndGlobalSection
	GlobalSection(ExtensibilityGlobals) = postSolution
		SolutionGuid = {5267A50F-C9F7-400A-AB95-B137F8C0B210}
	EndGlobalSection
EndGlobal
