
Microsoft Visual Studio Solution File, Format Version 12.00
# Visual Studio Version 16
VisualStudioVersion = 16.0.29728.190
MinimumVisualStudioVersion = 10.0.40219.1
Project("{FAE04EC0-301F-11D3-BF4B-00C04F79EFBC}") = "App1_Cell.UWP", "App1_Cell.UWP\App1_Cell.UWP.csproj", "{B79BF4C5-EAA2-4AAA-B30C-5FBE3B04DE84}"
EndProject
Project("{FAE04EC0-301F-11D3-BF4B-00C04F79EFBC}") = "App1_Cell.Android", "App1_Cell.Android\App1_Cell.Android.csproj", "{42D8616C-A286-444C-92E3-5E26C57610DF}"
EndProject
Project("{FAE04EC0-301F-11D3-BF4B-00C04F79EFBC}") = "App1_Cell.iOS", "App1_Cell.iOS\App1_Cell.iOS.csproj", "{FFA7496D-813F-4FAC-9A32-18DE7E51D7E0}"
EndProject
Project("{FAE04EC0-301F-11D3-BF4B-00C04F79EFBC}") = "App1_Cell", "App1_Cell\App1_Cell.csproj", "{CA52EBDE-105D-4231-88A2-F4FDE4CB14F6}"
EndProject
Global
	GlobalSection(SolutionConfigurationPlatforms) = preSolution
		Debug|Any CPU = Debug|Any CPU
		Debug|ARM = Debug|ARM
		Debug|iPhone = Debug|iPhone
		Debug|iPhoneSimulator = Debug|iPhoneSimulator
		Debug|x64 = Debug|x64
		Debug|x86 = Debug|x86
		Release|Any CPU = Release|Any CPU
		Release|ARM = Release|ARM
		Release|iPhone = Release|iPhone
		Release|iPhoneSimulator = Release|iPhoneSimulator
		Release|x64 = Release|x64
		Release|x86 = Release|x86
	EndGlobalSection
	GlobalSection(ProjectConfigurationPlatforms) = postSolution
		{B79BF4C5-EAA2-4AAA-B30C-5FBE3B04DE84}.Debug|Any CPU.ActiveCfg = Debug|x86
		{B79BF4C5-EAA2-4AAA-B30C-5FBE3B04DE84}.Debug|Any CPU.Build.0 = Debug|x86
		{B79BF4C5-EAA2-4AAA-B30C-5FBE3B04DE84}.Debug|Any CPU.Deploy.0 = Debug|x86
		{B79BF4C5-EAA2-4AAA-B30C-5FBE3B04DE84}.Debug|ARM.ActiveCfg = Debug|ARM
		{B79BF4C5-EAA2-4AAA-B30C-5FBE3B04DE84}.Debug|ARM.Build.0 = Debug|ARM
		{B79BF4C5-EAA2-4AAA-B30C-5FBE3B04DE84}.Debug|ARM.Deploy.0 = Debug|ARM
		{B79BF4C5-EAA2-4AAA-B30C-5FBE3B04DE84}.Debug|iPhone.ActiveCfg = Debug|x86
		{B79BF4C5-EAA2-4AAA-B30C-5FBE3B04DE84}.Debug|iPhone.Build.0 = Debug|x86
		{B79BF4C5-EAA2-4AAA-B30C-5FBE3B04DE84}.Debug|iPhone.Deploy.0 = Debug|x86
		{B79BF4C5-EAA2-4AAA-B30C-5FBE3B04DE84}.Debug|iPhoneSimulator.ActiveCfg = Debug|x86
		{B79BF4C5-EAA2-4AAA-B30C-5FBE3B04DE84}.Debug|iPhoneSimulator.Build.0 = Debug|x86
		{B79BF4C5-EAA2-4AAA-B30C-5FBE3B04DE84}.Debug|iPhoneSimulator.Deploy.0 = Debug|x86
		{B79BF4C5-EAA2-4AAA-B30C-5FBE3B04DE84}.Debug|x64.ActiveCfg = Debug|x64
		{B79BF4C5-EAA2-4AAA-B30C-5FBE3B04DE84}.Debug|x64.Build.0 = Debug|x64
		{B79BF4C5-EAA2-4AAA-B30C-5FBE3B04DE84}.Debug|x64.Deploy.0 = Debug|x64
		{B79BF4C5-EAA2-4AAA-B30C-5FBE3B04DE84}.Debug|x86.ActiveCfg = Debug|x86
		{B79BF4C5-EAA2-4AAA-B30C-5FBE3B04DE84}.Debug|x86.Build.0 = Debug|x86
		{B79BF4C5-EAA2-4AAA-B30C-5FBE3B04DE84}.Debug|x86.Deploy.0 = Debug|x86
		{B79BF4C5-EAA2-4AAA-B30C-5FBE3B04DE84}.Release|Any CPU.ActiveCfg = Release|x86
		{B79BF4C5-EAA2-4AAA-B30C-5FBE3B04DE84}.Release|Any CPU.Build.0 = Release|x86
		{B79BF4C5-EAA2-4AAA-B30C-5FBE3B04DE84}.Release|Any CPU.Deploy.0 = Release|x86
		{B79BF4C5-EAA2-4AAA-B30C-5FBE3B04DE84}.Release|ARM.ActiveCfg = Release|ARM
		{B79BF4C5-EAA2-4AAA-B30C-5FBE3B04DE84}.Release|ARM.Build.0 = Release|ARM
		{B79BF4C5-EAA2-4AAA-B30C-5FBE3B04DE84}.Release|ARM.Deploy.0 = Release|ARM
		{B79BF4C5-EAA2-4AAA-B30C-5FBE3B04DE84}.Release|iPhone.ActiveCfg = Release|x86
		{B79BF4C5-EAA2-4AAA-B30C-5FBE3B04DE84}.Release|iPhone.Build.0 = Release|x86
		{B79BF4C5-EAA2-4AAA-B30C-5FBE3B04DE84}.Release|iPhone.Deploy.0 = Release|x86
		{B79BF4C5-EAA2-4AAA-B30C-5FBE3B04DE84}.Release|iPhoneSimulator.ActiveCfg = Release|x86
		{B79BF4C5-EAA2-4AAA-B30C-5FBE3B04DE84}.Release|iPhoneSimulator.Build.0 = Release|x86
		{B79BF4C5-EAA2-4AAA-B30C-5FBE3B04DE84}.Release|iPhoneSimulator.Deploy.0 = Release|x86
		{B79BF4C5-EAA2-4AAA-B30C-5FBE3B04DE84}.Release|x64.ActiveCfg = Release|x64
		{B79BF4C5-EAA2-4AAA-B30C-5FBE3B04DE84}.Release|x64.Build.0 = Release|x64
		{B79BF4C5-EAA2-4AAA-B30C-5FBE3B04DE84}.Release|x64.Deploy.0 = Release|x64
		{B79BF4C5-EAA2-4AAA-B30C-5FBE3B04DE84}.Release|x86.ActiveCfg = Release|x86
		{B79BF4C5-EAA2-4AAA-B30C-5FBE3B04DE84}.Release|x86.Build.0 = Release|x86
		{B79BF4C5-EAA2-4AAA-B30C-5FBE3B04DE84}.Release|x86.Deploy.0 = Release|x86
		{42D8616C-A286-444C-92E3-5E26C57610DF}.Debug|Any CPU.ActiveCfg = Debug|Any CPU
		{42D8616C-A286-444C-92E3-5E26C57610DF}.Debug|Any CPU.Build.0 = Debug|Any CPU
		{42D8616C-A286-444C-92E3-5E26C57610DF}.Debug|Any CPU.Deploy.0 = Debug|Any CPU
		{42D8616C-A286-444C-92E3-5E26C57610DF}.Debug|ARM.ActiveCfg = Debug|Any CPU
		{42D8616C-A286-444C-92E3-5E26C57610DF}.Debug|ARM.Build.0 = Debug|Any CPU
		{42D8616C-A286-444C-92E3-5E26C57610DF}.Debug|ARM.Deploy.0 = Debug|Any CPU
		{42D8616C-A286-444C-92E3-5E26C57610DF}.Debug|iPhone.ActiveCfg = Debug|Any CPU
		{42D8616C-A286-444C-92E3-5E26C57610DF}.Debug|iPhone.Build.0 = Debug|Any CPU
		{42D8616C-A286-444C-92E3-5E26C57610DF}.Debug|iPhone.Deploy.0 = Debug|Any CPU
		{42D8616C-A286-444C-92E3-5E26C57610DF}.Debug|iPhoneSimulator.ActiveCfg = Debug|Any CPU
		{42D8616C-A286-444C-92E3-5E26C57610DF}.Debug|iPhoneSimulator.Build.0 = Debug|Any CPU
		{42D8616C-A286-444C-92E3-5E26C57610DF}.Debug|iPhoneSimulator.Deploy.0 = Debug|Any CPU
		{42D8616C-A286-444C-92E3-5E26C57610DF}.Debug|x64.ActiveCfg = Debug|Any CPU
		{42D8616C-A286-444C-92E3-5E26C57610DF}.Debug|x64.Build.0 = Debug|Any CPU
		{42D8616C-A286-444C-92E3-5E26C57610DF}.Debug|x64.Deploy.0 = Debug|Any CPU
		{42D8616C-A286-444C-92E3-5E26C57610DF}.Debug|x86.ActiveCfg = Debug|Any CPU
		{42D8616C-A286-444C-92E3-5E26C57610DF}.Debug|x86.Build.0 = Debug|Any CPU
		{42D8616C-A286-444C-92E3-5E26C57610DF}.Debug|x86.Deploy.0 = Debug|Any CPU
		{42D8616C-A286-444C-92E3-5E26C57610DF}.Release|Any CPU.ActiveCfg = Release|Any CPU
		{42D8616C-A286-444C-92E3-5E26C57610DF}.Release|Any CPU.Build.0 = Release|Any CPU
		{42D8616C-A286-444C-92E3-5E26C57610DF}.Release|Any CPU.Deploy.0 = Release|Any CPU
		{42D8616C-A286-444C-92E3-5E26C57610DF}.Release|ARM.ActiveCfg = Release|Any CPU
		{42D8616C-A286-444C-92E3-5E26C57610DF}.Release|ARM.Build.0 = Release|Any CPU
		{42D8616C-A286-444C-92E3-5E26C57610DF}.Release|ARM.Deploy.0 = Release|Any CPU
		{42D8616C-A286-444C-92E3-5E26C57610DF}.Release|iPhone.ActiveCfg = Release|Any CPU
		{42D8616C-A286-444C-92E3-5E26C57610DF}.Release|iPhone.Build.0 = Release|Any CPU
		{42D8616C-A286-444C-92E3-5E26C57610DF}.Release|iPhone.Deploy.0 = Release|Any CPU
		{42D8616C-A286-444C-92E3-5E26C57610DF}.Release|iPhoneSimulator.ActiveCfg = Release|Any CPU
		{42D8616C-A286-444C-92E3-5E26C57610DF}.Release|iPhoneSimulator.Build.0 = Release|Any CPU
		{42D8616C-A286-444C-92E3-5E26C57610DF}.Release|iPhoneSimulator.Deploy.0 = Release|Any CPU
		{42D8616C-A286-444C-92E3-5E26C57610DF}.Release|x64.ActiveCfg = Release|Any CPU
		{42D8616C-A286-444C-92E3-5E26C57610DF}.Release|x64.Build.0 = Release|Any CPU
		{42D8616C-A286-444C-92E3-5E26C57610DF}.Release|x64.Deploy.0 = Release|Any CPU
		{42D8616C-A286-444C-92E3-5E26C57610DF}.Release|x86.ActiveCfg = Release|Any CPU
		{42D8616C-A286-444C-92E3-5E26C57610DF}.Release|x86.Build.0 = Release|Any CPU
		{42D8616C-A286-444C-92E3-5E26C57610DF}.Release|x86.Deploy.0 = Release|Any CPU
		{FFA7496D-813F-4FAC-9A32-18DE7E51D7E0}.Debug|Any CPU.ActiveCfg = Debug|iPhone
		{FFA7496D-813F-4FAC-9A32-18DE7E51D7E0}.Debug|Any CPU.Build.0 = Debug|iPhone
		{FFA7496D-813F-4FAC-9A32-18DE7E51D7E0}.Debug|Any CPU.Deploy.0 = Debug|iPhone
		{FFA7496D-813F-4FAC-9A32-18DE7E51D7E0}.Debug|ARM.ActiveCfg = Debug|iPhoneSimulator
		{FFA7496D-813F-4FAC-9A32-18DE7E51D7E0}.Debug|ARM.Build.0 = Debug|iPhoneSimulator
		{FFA7496D-813F-4FAC-9A32-18DE7E51D7E0}.Debug|ARM.Deploy.0 = Debug|iPhoneSimulator
		{FFA7496D-813F-4FAC-9A32-18DE7E51D7E0}.Debug|iPhone.ActiveCfg = Debug|iPhone
		{FFA7496D-813F-4FAC-9A32-18DE7E51D7E0}.Debug|iPhone.Build.0 = Debug|iPhone
		{FFA7496D-813F-4FAC-9A32-18DE7E51D7E0}.Debug|iPhone.Deploy.0 = Debug|iPhone
		{FFA7496D-813F-4FAC-9A32-18DE7E51D7E0}.Debug|iPhoneSimulator.ActiveCfg = Debug|iPhoneSimulator
		{FFA7496D-813F-4FAC-9A32-18DE7E51D7E0}.Debug|iPhoneSimulator.Build.0 = Debug|iPhoneSimulator
		{FFA7496D-813F-4FAC-9A32-18DE7E51D7E0}.Debug|iPhoneSimulator.Deploy.0 = Debug|iPhoneSimulator
		{FFA7496D-813F-4FAC-9A32-18DE7E51D7E0}.Debug|x64.ActiveCfg = Debug|iPhone
		{FFA7496D-813F-4FAC-9A32-18DE7E51D7E0}.Debug|x64.Build.0 = Debug|iPhone
		{FFA7496D-813F-4FAC-9A32-18DE7E51D7E0}.Debug|x64.Deploy.0 = Debug|iPhone
		{FFA7496D-813F-4FAC-9A32-18DE7E51D7E0}.Debug|x86.ActiveCfg = Debug|iPhone
		{FFA7496D-813F-4FAC-9A32-18DE7E51D7E0}.Debug|x86.Build.0 = Debug|iPhone
		{FFA7496D-813F-4FAC-9A32-18DE7E51D7E0}.Debug|x86.Deploy.0 = Debug|iPhone
		{FFA7496D-813F-4FAC-9A32-18DE7E51D7E0}.Release|Any CPU.ActiveCfg = Release|iPhone
		{FFA7496D-813F-4FAC-9A32-18DE7E51D7E0}.Release|Any CPU.Build.0 = Release|iPhone
		{FFA7496D-813F-4FAC-9A32-18DE7E51D7E0}.Release|Any CPU.Deploy.0 = Release|iPhone
		{FFA7496D-813F-4FAC-9A32-18DE7E51D7E0}.Release|ARM.ActiveCfg = Release|iPhone
		{FFA7496D-813F-4FAC-9A32-18DE7E51D7E0}.Release|ARM.Build.0 = Release|iPhone
		{FFA7496D-813F-4FAC-9A32-18DE7E51D7E0}.Release|ARM.Deploy.0 = Release|iPhone
		{FFA7496D-813F-4FAC-9A32-18DE7E51D7E0}.Release|iPhone.ActiveCfg = Release|iPhone
		{FFA7496D-813F-4FAC-9A32-18DE7E51D7E0}.Release|iPhone.Build.0 = Release|iPhone
		{FFA7496D-813F-4FAC-9A32-18DE7E51D7E0}.Release|iPhone.Deploy.0 = Release|iPhone
		{FFA7496D-813F-4FAC-9A32-18DE7E51D7E0}.Release|iPhoneSimulator.ActiveCfg = Release|iPhoneSimulator
		{FFA7496D-813F-4FAC-9A32-18DE7E51D7E0}.Release|iPhoneSimulator.Build.0 = Release|iPhoneSimulator
		{FFA7496D-813F-4FAC-9A32-18DE7E51D7E0}.Release|iPhoneSimulator.Deploy.0 = Release|iPhoneSimulator
		{FFA7496D-813F-4FAC-9A32-18DE7E51D7E0}.Release|x64.ActiveCfg = Release|iPhone
		{FFA7496D-813F-4FAC-9A32-18DE7E51D7E0}.Release|x64.Build.0 = Release|iPhone
		{FFA7496D-813F-4FAC-9A32-18DE7E51D7E0}.Release|x64.Deploy.0 = Release|iPhone
		{FFA7496D-813F-4FAC-9A32-18DE7E51D7E0}.Release|x86.ActiveCfg = Release|iPhone
		{FFA7496D-813F-4FAC-9A32-18DE7E51D7E0}.Release|x86.Build.0 = Release|iPhone
		{FFA7496D-813F-4FAC-9A32-18DE7E51D7E0}.Release|x86.Deploy.0 = Release|iPhone
		{CA52EBDE-105D-4231-88A2-F4FDE4CB14F6}.Debug|Any CPU.ActiveCfg = Debug|Any CPU
		{CA52EBDE-105D-4231-88A2-F4FDE4CB14F6}.Debug|Any CPU.Build.0 = Debug|Any CPU
		{CA52EBDE-105D-4231-88A2-F4FDE4CB14F6}.Debug|Any CPU.Deploy.0 = Debug|Any CPU
		{CA52EBDE-105D-4231-88A2-F4FDE4CB14F6}.Debug|ARM.ActiveCfg = Debug|Any CPU
		{CA52EBDE-105D-4231-88A2-F4FDE4CB14F6}.Debug|ARM.Build.0 = Debug|Any CPU
		{CA52EBDE-105D-4231-88A2-F4FDE4CB14F6}.Debug|ARM.Deploy.0 = Debug|Any CPU
		{CA52EBDE-105D-4231-88A2-F4FDE4CB14F6}.Debug|iPhone.ActiveCfg = Debug|Any CPU
		{CA52EBDE-105D-4231-88A2-F4FDE4CB14F6}.Debug|iPhone.Build.0 = Debug|Any CPU
		{CA52EBDE-105D-4231-88A2-F4FDE4CB14F6}.Debug|iPhone.Deploy.0 = Debug|Any CPU
		{CA52EBDE-105D-4231-88A2-F4FDE4CB14F6}.Debug|iPhoneSimulator.ActiveCfg = Debug|Any CPU
		{CA52EBDE-105D-4231-88A2-F4FDE4CB14F6}.Debug|iPhoneSimulator.Build.0 = Debug|Any CPU
		{CA52EBDE-105D-4231-88A2-F4FDE4CB14F6}.Debug|iPhoneSimulator.Deploy.0 = Debug|Any CPU
		{CA52EBDE-105D-4231-88A2-F4FDE4CB14F6}.Debug|x64.ActiveCfg = Debug|Any CPU
		{CA52EBDE-105D-4231-88A2-F4FDE4CB14F6}.Debug|x64.Build.0 = Debug|Any CPU
		{CA52EBDE-105D-4231-88A2-F4FDE4CB14F6}.Debug|x64.Deploy.0 = Debug|Any CPU
		{CA52EBDE-105D-4231-88A2-F4FDE4CB14F6}.Debug|x86.ActiveCfg = Debug|Any CPU
		{CA52EBDE-105D-4231-88A2-F4FDE4CB14F6}.Debug|x86.Build.0 = Debug|Any CPU
		{CA52EBDE-105D-4231-88A2-F4FDE4CB14F6}.Debug|x86.Deploy.0 = Debug|Any CPU
		{CA52EBDE-105D-4231-88A2-F4FDE4CB14F6}.Release|Any CPU.ActiveCfg = Release|Any CPU
		{CA52EBDE-105D-4231-88A2-F4FDE4CB14F6}.Release|Any CPU.Build.0 = Release|Any CPU
		{CA52EBDE-105D-4231-88A2-F4FDE4CB14F6}.Release|Any CPU.Deploy.0 = Release|Any CPU
		{CA52EBDE-105D-4231-88A2-F4FDE4CB14F6}.Release|ARM.ActiveCfg = Release|Any CPU
		{CA52EBDE-105D-4231-88A2-F4FDE4CB14F6}.Release|ARM.Build.0 = Release|Any CPU
		{CA52EBDE-105D-4231-88A2-F4FDE4CB14F6}.Release|ARM.Deploy.0 = Release|Any CPU
		{CA52EBDE-105D-4231-88A2-F4FDE4CB14F6}.Release|iPhone.ActiveCfg = Release|Any CPU
		{CA52EBDE-105D-4231-88A2-F4FDE4CB14F6}.Release|iPhone.Build.0 = Release|Any CPU
		{CA52EBDE-105D-4231-88A2-F4FDE4CB14F6}.Release|iPhone.Deploy.0 = Release|Any CPU
		{CA52EBDE-105D-4231-88A2-F4FDE4CB14F6}.Release|iPhoneSimulator.ActiveCfg = Release|Any CPU
		{CA52EBDE-105D-4231-88A2-F4FDE4CB14F6}.Release|iPhoneSimulator.Build.0 = Release|Any CPU
		{CA52EBDE-105D-4231-88A2-F4FDE4CB14F6}.Release|iPhoneSimulator.Deploy.0 = Release|Any CPU
		{CA52EBDE-105D-4231-88A2-F4FDE4CB14F6}.Release|x64.ActiveCfg = Release|Any CPU
		{CA52EBDE-105D-4231-88A2-F4FDE4CB14F6}.Release|x64.Build.0 = Release|Any CPU
		{CA52EBDE-105D-4231-88A2-F4FDE4CB14F6}.Release|x64.Deploy.0 = Release|Any CPU
		{CA52EBDE-105D-4231-88A2-F4FDE4CB14F6}.Release|x86.ActiveCfg = Release|Any CPU
		{CA52EBDE-105D-4231-88A2-F4FDE4CB14F6}.Release|x86.Build.0 = Release|Any CPU
		{CA52EBDE-105D-4231-88A2-F4FDE4CB14F6}.Release|x86.Deploy.0 = Release|Any CPU
	EndGlobalSection
	GlobalSection(SolutionProperties) = preSolution
		HideSolutionNode = FALSE
	EndGlobalSection
	GlobalSection(ExtensibilityGlobals) = postSolution
		SolutionGuid = {05DE40A4-4FA4-4F7C-9152-EFABDADD1E13}
	EndGlobalSection
EndGlobal
