
Microsoft Visual Studio Solution File, Format Version 12.00
# Visual Studio Version 16
VisualStudioVersion = 16.0.29709.97
MinimumVisualStudioVersion = 10.0.40219.1
Project("{FAE04EC0-301F-11D3-BF4B-00C04F79EFBC}") = "App2_TiposPaginaXF.UWP", "App2_TiposPaginaXF.UWP\App2_TiposPaginaXF.UWP.csproj", "{B9BD807D-13F4-48EA-A1D7-9880F4BB59D8}"
EndProject
Project("{FAE04EC0-301F-11D3-BF4B-00C04F79EFBC}") = "App2_TiposPaginaXF.Android", "App2_TiposPaginaXF.Android\App2_TiposPaginaXF.Android.csproj", "{2A97C38B-F2CD-4F0A-A6C5-8913087053BC}"
EndProject
Project("{FAE04EC0-301F-11D3-BF4B-00C04F79EFBC}") = "App2_TiposPaginaXF.iOS", "App2_TiposPaginaXF.iOS\App2_TiposPaginaXF.iOS.csproj", "{9DA05604-D1AC-4A3F-8638-BD8001D13CE0}"
EndProject
Project("{FAE04EC0-301F-11D3-BF4B-00C04F79EFBC}") = "App2_TiposPaginaXF", "App2_TiposPaginaXF\App2_TiposPaginaXF.csproj", "{024AED84-8395-459B-99F7-A12D779ACD4C}"
EndProject
Global
	GlobalSection(SolutionConfigurationPlatforms) = preSolution
		Debug|Any CPU = Debug|Any CPU
		Debug|ARM = Debug|ARM
		Debug|iPhone = Debug|iPhone
		Debug|iPhoneSimulator = Debug|iPhoneSimulator
		Debug|x64 = Debug|x64
		Debug|x86 = Debug|x86
		Release|Any CPU = Release|Any CPU
		Release|ARM = Release|ARM
		Release|iPhone = Release|iPhone
		Release|iPhoneSimulator = Release|iPhoneSimulator
		Release|x64 = Release|x64
		Release|x86 = Release|x86
	EndGlobalSection
	GlobalSection(ProjectConfigurationPlatforms) = postSolution
		{B9BD807D-13F4-48EA-A1D7-9880F4BB59D8}.Debug|Any CPU.ActiveCfg = Debug|x86
		{B9BD807D-13F4-48EA-A1D7-9880F4BB59D8}.Debug|Any CPU.Build.0 = Debug|x86
		{B9BD807D-13F4-48EA-A1D7-9880F4BB59D8}.Debug|Any CPU.Deploy.0 = Debug|x86
		{B9BD807D-13F4-48EA-A1D7-9880F4BB59D8}.Debug|ARM.ActiveCfg = Debug|ARM
		{B9BD807D-13F4-48EA-A1D7-9880F4BB59D8}.Debug|ARM.Build.0 = Debug|ARM
		{B9BD807D-13F4-48EA-A1D7-9880F4BB59D8}.Debug|ARM.Deploy.0 = Debug|ARM
		{B9BD807D-13F4-48EA-A1D7-9880F4BB59D8}.Debug|iPhone.ActiveCfg = Debug|x86
		{B9BD807D-13F4-48EA-A1D7-9880F4BB59D8}.Debug|iPhone.Build.0 = Debug|x86
		{B9BD807D-13F4-48EA-A1D7-9880F4BB59D8}.Debug|iPhone.Deploy.0 = Debug|x86
		{B9BD807D-13F4-48EA-A1D7-9880F4BB59D8}.Debug|iPhoneSimulator.ActiveCfg = Debug|x86
		{B9BD807D-13F4-48EA-A1D7-9880F4BB59D8}.Debug|iPhoneSimulator.Build.0 = Debug|x86
		{B9BD807D-13F4-48EA-A1D7-9880F4BB59D8}.Debug|iPhoneSimulator.Deploy.0 = Debug|x86
		{B9BD807D-13F4-48EA-A1D7-9880F4BB59D8}.Debug|x64.ActiveCfg = Debug|x64
		{B9BD807D-13F4-48EA-A1D7-9880F4BB59D8}.Debug|x64.Build.0 = Debug|x64
		{B9BD807D-13F4-48EA-A1D7-9880F4BB59D8}.Debug|x64.Deploy.0 = Debug|x64
		{B9BD807D-13F4-48EA-A1D7-9880F4BB59D8}.Debug|x86.ActiveCfg = Debug|x86
		{B9BD807D-13F4-48EA-A1D7-9880F4BB59D8}.Debug|x86.Build.0 = Debug|x86
		{B9BD807D-13F4-48EA-A1D7-9880F4BB59D8}.Debug|x86.Deploy.0 = Debug|x86
		{B9BD807D-13F4-48EA-A1D7-9880F4BB59D8}.Release|Any CPU.ActiveCfg = Release|x86
		{B9BD807D-13F4-48EA-A1D7-9880F4BB59D8}.Release|Any CPU.Build.0 = Release|x86
		{B9BD807D-13F4-48EA-A1D7-9880F4BB59D8}.Release|Any CPU.Deploy.0 = Release|x86
		{B9BD807D-13F4-48EA-A1D7-9880F4BB59D8}.Release|ARM.ActiveCfg = Release|ARM
		{B9BD807D-13F4-48EA-A1D7-9880F4BB59D8}.Release|ARM.Build.0 = Release|ARM
		{B9BD807D-13F4-48EA-A1D7-9880F4BB59D8}.Release|ARM.Deploy.0 = Release|ARM
		{B9BD807D-13F4-48EA-A1D7-9880F4BB59D8}.Release|iPhone.ActiveCfg = Release|x86
		{B9BD807D-13F4-48EA-A1D7-9880F4BB59D8}.Release|iPhone.Build.0 = Release|x86
		{B9BD807D-13F4-48EA-A1D7-9880F4BB59D8}.Release|iPhone.Deploy.0 = Release|x86
		{B9BD807D-13F4-48EA-A1D7-9880F4BB59D8}.Release|iPhoneSimulator.ActiveCfg = Release|x86
		{B9BD807D-13F4-48EA-A1D7-9880F4BB59D8}.Release|iPhoneSimulator.Build.0 = Release|x86
		{B9BD807D-13F4-48EA-A1D7-9880F4BB59D8}.Release|iPhoneSimulator.Deploy.0 = Release|x86
		{B9BD807D-13F4-48EA-A1D7-9880F4BB59D8}.Release|x64.ActiveCfg = Release|x64
		{B9BD807D-13F4-48EA-A1D7-9880F4BB59D8}.Release|x64.Build.0 = Release|x64
		{B9BD807D-13F4-48EA-A1D7-9880F4BB59D8}.Release|x64.Deploy.0 = Release|x64
		{B9BD807D-13F4-48EA-A1D7-9880F4BB59D8}.Release|x86.ActiveCfg = Release|x86
		{B9BD807D-13F4-48EA-A1D7-9880F4BB59D8}.Release|x86.Build.0 = Release|x86
		{B9BD807D-13F4-48EA-A1D7-9880F4BB59D8}.Release|x86.Deploy.0 = Release|x86
		{2A97C38B-F2CD-4F0A-A6C5-8913087053BC}.Debug|Any CPU.ActiveCfg = Debug|Any CPU
		{2A97C38B-F2CD-4F0A-A6C5-8913087053BC}.Debug|Any CPU.Build.0 = Debug|Any CPU
		{2A97C38B-F2CD-4F0A-A6C5-8913087053BC}.Debug|Any CPU.Deploy.0 = Debug|Any CPU
		{2A97C38B-F2CD-4F0A-A6C5-8913087053BC}.Debug|ARM.ActiveCfg = Debug|Any CPU
		{2A97C38B-F2CD-4F0A-A6C5-8913087053BC}.Debug|ARM.Build.0 = Debug|Any CPU
		{2A97C38B-F2CD-4F0A-A6C5-8913087053BC}.Debug|ARM.Deploy.0 = Debug|Any CPU
		{2A97C38B-F2CD-4F0A-A6C5-8913087053BC}.Debug|iPhone.ActiveCfg = Debug|Any CPU
		{2A97C38B-F2CD-4F0A-A6C5-8913087053BC}.Debug|iPhone.Build.0 = Debug|Any CPU
		{2A97C38B-F2CD-4F0A-A6C5-8913087053BC}.Debug|iPhone.Deploy.0 = Debug|Any CPU
		{2A97C38B-F2CD-4F0A-A6C5-8913087053BC}.Debug|iPhoneSimulator.ActiveCfg = Debug|Any CPU
		{2A97C38B-F2CD-4F0A-A6C5-8913087053BC}.Debug|iPhoneSimulator.Build.0 = Debug|Any CPU
		{2A97C38B-F2CD-4F0A-A6C5-8913087053BC}.Debug|iPhoneSimulator.Deploy.0 = Debug|Any CPU
		{2A97C38B-F2CD-4F0A-A6C5-8913087053BC}.Debug|x64.ActiveCfg = Debug|Any CPU
		{2A97C38B-F2CD-4F0A-A6C5-8913087053BC}.Debug|x64.Build.0 = Debug|Any CPU
		{2A97C38B-F2CD-4F0A-A6C5-8913087053BC}.Debug|x64.Deploy.0 = Debug|Any CPU
		{2A97C38B-F2CD-4F0A-A6C5-8913087053BC}.Debug|x86.ActiveCfg = Debug|Any CPU
		{2A97C38B-F2CD-4F0A-A6C5-8913087053BC}.Debug|x86.Build.0 = Debug|Any CPU
		{2A97C38B-F2CD-4F0A-A6C5-8913087053BC}.Debug|x86.Deploy.0 = Debug|Any CPU
		{2A97C38B-F2CD-4F0A-A6C5-8913087053BC}.Release|Any CPU.ActiveCfg = Release|Any CPU
		{2A97C38B-F2CD-4F0A-A6C5-8913087053BC}.Release|Any CPU.Build.0 = Release|Any CPU
		{2A97C38B-F2CD-4F0A-A6C5-8913087053BC}.Release|Any CPU.Deploy.0 = Release|Any CPU
		{2A97C38B-F2CD-4F0A-A6C5-8913087053BC}.Release|ARM.ActiveCfg = Release|Any CPU
		{2A97C38B-F2CD-4F0A-A6C5-8913087053BC}.Release|ARM.Build.0 = Release|Any CPU
		{2A97C38B-F2CD-4F0A-A6C5-8913087053BC}.Release|ARM.Deploy.0 = Release|Any CPU
		{2A97C38B-F2CD-4F0A-A6C5-8913087053BC}.Release|iPhone.ActiveCfg = Release|Any CPU
		{2A97C38B-F2CD-4F0A-A6C5-8913087053BC}.Release|iPhone.Build.0 = Release|Any CPU
		{2A97C38B-F2CD-4F0A-A6C5-8913087053BC}.Release|iPhone.Deploy.0 = Release|Any CPU
		{2A97C38B-F2CD-4F0A-A6C5-8913087053BC}.Release|iPhoneSimulator.ActiveCfg = Release|Any CPU
		{2A97C38B-F2CD-4F0A-A6C5-8913087053BC}.Release|iPhoneSimulator.Build.0 = Release|Any CPU
		{2A97C38B-F2CD-4F0A-A6C5-8913087053BC}.Release|iPhoneSimulator.Deploy.0 = Release|Any CPU
		{2A97C38B-F2CD-4F0A-A6C5-8913087053BC}.Release|x64.ActiveCfg = Release|Any CPU
		{2A97C38B-F2CD-4F0A-A6C5-8913087053BC}.Release|x64.Build.0 = Release|Any CPU
		{2A97C38B-F2CD-4F0A-A6C5-8913087053BC}.Release|x64.Deploy.0 = Release|Any CPU
		{2A97C38B-F2CD-4F0A-A6C5-8913087053BC}.Release|x86.ActiveCfg = Release|Any CPU
		{2A97C38B-F2CD-4F0A-A6C5-8913087053BC}.Release|x86.Build.0 = Release|Any CPU
		{2A97C38B-F2CD-4F0A-A6C5-8913087053BC}.Release|x86.Deploy.0 = Release|Any CPU
		{9DA05604-D1AC-4A3F-8638-BD8001D13CE0}.Debug|Any CPU.ActiveCfg = Debug|iPhone
		{9DA05604-D1AC-4A3F-8638-BD8001D13CE0}.Debug|Any CPU.Build.0 = Debug|iPhone
		{9DA05604-D1AC-4A3F-8638-BD8001D13CE0}.Debug|Any CPU.Deploy.0 = Debug|iPhone
		{9DA05604-D1AC-4A3F-8638-BD8001D13CE0}.Debug|ARM.ActiveCfg = Debug|iPhoneSimulator
		{9DA05604-D1AC-4A3F-8638-BD8001D13CE0}.Debug|ARM.Build.0 = Debug|iPhoneSimulator
		{9DA05604-D1AC-4A3F-8638-BD8001D13CE0}.Debug|ARM.Deploy.0 = Debug|iPhoneSimulator
		{9DA05604-D1AC-4A3F-8638-BD8001D13CE0}.Debug|iPhone.ActiveCfg = Debug|iPhone
		{9DA05604-D1AC-4A3F-8638-BD8001D13CE0}.Debug|iPhone.Build.0 = Debug|iPhone
		{9DA05604-D1AC-4A3F-8638-BD8001D13CE0}.Debug|iPhone.Deploy.0 = Debug|iPhone
		{9DA05604-D1AC-4A3F-8638-BD8001D13CE0}.Debug|iPhoneSimulator.ActiveCfg = Debug|iPhoneSimulator
		{9DA05604-D1AC-4A3F-8638-BD8001D13CE0}.Debug|iPhoneSimulator.Build.0 = Debug|iPhoneSimulator
		{9DA05604-D1AC-4A3F-8638-BD8001D13CE0}.Debug|iPhoneSimulator.Deploy.0 = Debug|iPhoneSimulator
		{9DA05604-D1AC-4A3F-8638-BD8001D13CE0}.Debug|x64.ActiveCfg = Debug|iPhone
		{9DA05604-D1AC-4A3F-8638-BD8001D13CE0}.Debug|x64.Build.0 = Debug|iPhone
		{9DA05604-D1AC-4A3F-8638-BD8001D13CE0}.Debug|x64.Deploy.0 = Debug|iPhone
		{9DA05604-D1AC-4A3F-8638-BD8001D13CE0}.Debug|x86.ActiveCfg = Debug|iPhone
		{9DA05604-D1AC-4A3F-8638-BD8001D13CE0}.Debug|x86.Build.0 = Debug|iPhone
		{9DA05604-D1AC-4A3F-8638-BD8001D13CE0}.Debug|x86.Deploy.0 = Debug|iPhone
		{9DA05604-D1AC-4A3F-8638-BD8001D13CE0}.Release|Any CPU.ActiveCfg = Release|iPhone
		{9DA05604-D1AC-4A3F-8638-BD8001D13CE0}.Release|Any CPU.Build.0 = Release|iPhone
		{9DA05604-D1AC-4A3F-8638-BD8001D13CE0}.Release|Any CPU.Deploy.0 = Release|iPhone
		{9DA05604-D1AC-4A3F-8638-BD8001D13CE0}.Release|ARM.ActiveCfg = Release|iPhone
		{9DA05604-D1AC-4A3F-8638-BD8001D13CE0}.Release|ARM.Build.0 = Release|iPhone
		{9DA05604-D1AC-4A3F-8638-BD8001D13CE0}.Release|ARM.Deploy.0 = Release|iPhone
		{9DA05604-D1AC-4A3F-8638-BD8001D13CE0}.Release|iPhone.ActiveCfg = Release|iPhone
		{9DA05604-D1AC-4A3F-8638-BD8001D13CE0}.Release|iPhone.Build.0 = Release|iPhone
		{9DA05604-D1AC-4A3F-8638-BD8001D13CE0}.Release|iPhone.Deploy.0 = Release|iPhone
		{9DA05604-D1AC-4A3F-8638-BD8001D13CE0}.Release|iPhoneSimulator.ActiveCfg = Release|iPhoneSimulator
		{9DA05604-D1AC-4A3F-8638-BD8001D13CE0}.Release|iPhoneSimulator.Build.0 = Release|iPhoneSimulator
		{9DA05604-D1AC-4A3F-8638-BD8001D13CE0}.Release|iPhoneSimulator.Deploy.0 = Release|iPhoneSimulator
		{9DA05604-D1AC-4A3F-8638-BD8001D13CE0}.Release|x64.ActiveCfg = Release|iPhone
		{9DA05604-D1AC-4A3F-8638-BD8001D13CE0}.Release|x64.Build.0 = Release|iPhone
		{9DA05604-D1AC-4A3F-8638-BD8001D13CE0}.Release|x64.Deploy.0 = Release|iPhone
		{9DA05604-D1AC-4A3F-8638-BD8001D13CE0}.Release|x86.ActiveCfg = Release|iPhone
		{9DA05604-D1AC-4A3F-8638-BD8001D13CE0}.Release|x86.Build.0 = Release|iPhone
		{9DA05604-D1AC-4A3F-8638-BD8001D13CE0}.Release|x86.Deploy.0 = Release|iPhone
		{024AED84-8395-459B-99F7-A12D779ACD4C}.Debug|Any CPU.ActiveCfg = Debug|Any CPU
		{024AED84-8395-459B-99F7-A12D779ACD4C}.Debug|Any CPU.Build.0 = Debug|Any CPU
		{024AED84-8395-459B-99F7-A12D779ACD4C}.Debug|Any CPU.Deploy.0 = Debug|Any CPU
		{024AED84-8395-459B-99F7-A12D779ACD4C}.Debug|ARM.ActiveCfg = Debug|Any CPU
		{024AED84-8395-459B-99F7-A12D779ACD4C}.Debug|ARM.Build.0 = Debug|Any CPU
		{024AED84-8395-459B-99F7-A12D779ACD4C}.Debug|ARM.Deploy.0 = Debug|Any CPU
		{024AED84-8395-459B-99F7-A12D779ACD4C}.Debug|iPhone.ActiveCfg = Debug|Any CPU
		{024AED84-8395-459B-99F7-A12D779ACD4C}.Debug|iPhone.Build.0 = Debug|Any CPU
		{024AED84-8395-459B-99F7-A12D779ACD4C}.Debug|iPhone.Deploy.0 = Debug|Any CPU
		{024AED84-8395-459B-99F7-A12D779ACD4C}.Debug|iPhoneSimulator.ActiveCfg = Debug|Any CPU
		{024AED84-8395-459B-99F7-A12D779ACD4C}.Debug|iPhoneSimulator.Build.0 = Debug|Any CPU
		{024AED84-8395-459B-99F7-A12D779ACD4C}.Debug|iPhoneSimulator.Deploy.0 = Debug|Any CPU
		{024AED84-8395-459B-99F7-A12D779ACD4C}.Debug|x64.ActiveCfg = Debug|Any CPU
		{024AED84-8395-459B-99F7-A12D779ACD4C}.Debug|x64.Build.0 = Debug|Any CPU
		{024AED84-8395-459B-99F7-A12D779ACD4C}.Debug|x64.Deploy.0 = Debug|Any CPU
		{024AED84-8395-459B-99F7-A12D779ACD4C}.Debug|x86.ActiveCfg = Debug|Any CPU
		{024AED84-8395-459B-99F7-A12D779ACD4C}.Debug|x86.Build.0 = Debug|Any CPU
		{024AED84-8395-459B-99F7-A12D779ACD4C}.Debug|x86.Deploy.0 = Debug|Any CPU
		{024AED84-8395-459B-99F7-A12D779ACD4C}.Release|Any CPU.ActiveCfg = Release|Any CPU
		{024AED84-8395-459B-99F7-A12D779ACD4C}.Release|Any CPU.Build.0 = Release|Any CPU
		{024AED84-8395-459B-99F7-A12D779ACD4C}.Release|Any CPU.Deploy.0 = Release|Any CPU
		{024AED84-8395-459B-99F7-A12D779ACD4C}.Release|ARM.ActiveCfg = Release|Any CPU
		{024AED84-8395-459B-99F7-A12D779ACD4C}.Release|ARM.Build.0 = Release|Any CPU
		{024AED84-8395-459B-99F7-A12D779ACD4C}.Release|ARM.Deploy.0 = Release|Any CPU
		{024AED84-8395-459B-99F7-A12D779ACD4C}.Release|iPhone.ActiveCfg = Release|Any CPU
		{024AED84-8395-459B-99F7-A12D779ACD4C}.Release|iPhone.Build.0 = Release|Any CPU
		{024AED84-8395-459B-99F7-A12D779ACD4C}.Release|iPhone.Deploy.0 = Release|Any CPU
		{024AED84-8395-459B-99F7-A12D779ACD4C}.Release|iPhoneSimulator.ActiveCfg = Release|Any CPU
		{024AED84-8395-459B-99F7-A12D779ACD4C}.Release|iPhoneSimulator.Build.0 = Release|Any CPU
		{024AED84-8395-459B-99F7-A12D779ACD4C}.Release|iPhoneSimulator.Deploy.0 = Release|Any CPU
		{024AED84-8395-459B-99F7-A12D779ACD4C}.Release|x64.ActiveCfg = Release|Any CPU
		{024AED84-8395-459B-99F7-A12D779ACD4C}.Release|x64.Build.0 = Release|Any CPU
		{024AED84-8395-459B-99F7-A12D779ACD4C}.Release|x64.Deploy.0 = Release|Any CPU
		{024AED84-8395-459B-99F7-A12D779ACD4C}.Release|x86.ActiveCfg = Release|Any CPU
		{024AED84-8395-459B-99F7-A12D779ACD4C}.Release|x86.Build.0 = Release|Any CPU
		{024AED84-8395-459B-99F7-A12D779ACD4C}.Release|x86.Deploy.0 = Release|Any CPU
	EndGlobalSection
	GlobalSection(SolutionProperties) = preSolution
		HideSolutionNode = FALSE
	EndGlobalSection
	GlobalSection(ExtensibilityGlobals) = postSolution
		SolutionGuid = {FEA9B4B3-5B6C-4EC0-BF2B-917A5139BFC0}
	EndGlobalSection
EndGlobal
