
Microsoft Visual Studio Solution File, Format Version 12.00
# Visual Studio Version 16
VisualStudioVersion = 16.0.29806.167
MinimumVisualStudioVersion = 10.0.40219.1
Project("{FAE04EC0-301F-11D3-BF4B-00C04F79EFBC}") = "App3_JWTAsync.UWP", "App3_JWTAsync.UWP\App3_JWTAsync.UWP.csproj", "{49F31C7D-9AE6-4BC9-B0AE-4667F10000C9}"
EndProject
Project("{FAE04EC0-301F-11D3-BF4B-00C04F79EFBC}") = "App3_JWTAsync.Android", "App3_JWTAsync.Android\App3_JWTAsync.Android.csproj", "{B283BD4C-2265-4748-BEB7-A56812541104}"
EndProject
Project("{FAE04EC0-301F-11D3-BF4B-00C04F79EFBC}") = "App3_JWTAsync.iOS", "App3_JWTAsync.iOS\App3_JWTAsync.iOS.csproj", "{B53C2C21-5F1B-47A7-B632-F3481C30E7C0}"
EndProject
Project("{FAE04EC0-301F-11D3-BF4B-00C04F79EFBC}") = "App3_JWTAsync", "App3_JWTAsync\App3_JWTAsync.csproj", "{78DB7D70-6ED0-4263-AE30-9886556F3D02}"
EndProject
Global
	GlobalSection(SolutionConfigurationPlatforms) = preSolution
		Debug|Any CPU = Debug|Any CPU
		Debug|ARM = Debug|ARM
		Debug|iPhone = Debug|iPhone
		Debug|iPhoneSimulator = Debug|iPhoneSimulator
		Debug|x64 = Debug|x64
		Debug|x86 = Debug|x86
		Release|Any CPU = Release|Any CPU
		Release|ARM = Release|ARM
		Release|iPhone = Release|iPhone
		Release|iPhoneSimulator = Release|iPhoneSimulator
		Release|x64 = Release|x64
		Release|x86 = Release|x86
	EndGlobalSection
	GlobalSection(ProjectConfigurationPlatforms) = postSolution
		{49F31C7D-9AE6-4BC9-B0AE-4667F10000C9}.Debug|Any CPU.ActiveCfg = Debug|x86
		{49F31C7D-9AE6-4BC9-B0AE-4667F10000C9}.Debug|Any CPU.Build.0 = Debug|x86
		{49F31C7D-9AE6-4BC9-B0AE-4667F10000C9}.Debug|Any CPU.Deploy.0 = Debug|x86
		{49F31C7D-9AE6-4BC9-B0AE-4667F10000C9}.Debug|ARM.ActiveCfg = Debug|ARM
		{49F31C7D-9AE6-4BC9-B0AE-4667F10000C9}.Debug|ARM.Build.0 = Debug|ARM
		{49F31C7D-9AE6-4BC9-B0AE-4667F10000C9}.Debug|ARM.Deploy.0 = Debug|ARM
		{49F31C7D-9AE6-4BC9-B0AE-4667F10000C9}.Debug|iPhone.ActiveCfg = Debug|x86
		{49F31C7D-9AE6-4BC9-B0AE-4667F10000C9}.Debug|iPhone.Build.0 = Debug|x86
		{49F31C7D-9AE6-4BC9-B0AE-4667F10000C9}.Debug|iPhone.Deploy.0 = Debug|x86
		{49F31C7D-9AE6-4BC9-B0AE-4667F10000C9}.Debug|iPhoneSimulator.ActiveCfg = Debug|x86
		{49F31C7D-9AE6-4BC9-B0AE-4667F10000C9}.Debug|iPhoneSimulator.Build.0 = Debug|x86
		{49F31C7D-9AE6-4BC9-B0AE-4667F10000C9}.Debug|iPhoneSimulator.Deploy.0 = Debug|x86
		{49F31C7D-9AE6-4BC9-B0AE-4667F10000C9}.Debug|x64.ActiveCfg = Debug|x64
		{49F31C7D-9AE6-4BC9-B0AE-4667F10000C9}.Debug|x64.Build.0 = Debug|x64
		{49F31C7D-9AE6-4BC9-B0AE-4667F10000C9}.Debug|x64.Deploy.0 = Debug|x64
		{49F31C7D-9AE6-4BC9-B0AE-4667F10000C9}.Debug|x86.ActiveCfg = Debug|x86
		{49F31C7D-9AE6-4BC9-B0AE-4667F10000C9}.Debug|x86.Build.0 = Debug|x86
		{49F31C7D-9AE6-4BC9-B0AE-4667F10000C9}.Debug|x86.Deploy.0 = Debug|x86
		{49F31C7D-9AE6-4BC9-B0AE-4667F10000C9}.Release|Any CPU.ActiveCfg = Release|x86
		{49F31C7D-9AE6-4BC9-B0AE-4667F10000C9}.Release|Any CPU.Build.0 = Release|x86
		{49F31C7D-9AE6-4BC9-B0AE-4667F10000C9}.Release|Any CPU.Deploy.0 = Release|x86
		{49F31C7D-9AE6-4BC9-B0AE-4667F10000C9}.Release|ARM.ActiveCfg = Release|ARM
		{49F31C7D-9AE6-4BC9-B0AE-4667F10000C9}.Release|ARM.Build.0 = Release|ARM
		{49F31C7D-9AE6-4BC9-B0AE-4667F10000C9}.Release|ARM.Deploy.0 = Release|ARM
		{49F31C7D-9AE6-4BC9-B0AE-4667F10000C9}.Release|iPhone.ActiveCfg = Release|x86
		{49F31C7D-9AE6-4BC9-B0AE-4667F10000C9}.Release|iPhone.Build.0 = Release|x86
		{49F31C7D-9AE6-4BC9-B0AE-4667F10000C9}.Release|iPhone.Deploy.0 = Release|x86
		{49F31C7D-9AE6-4BC9-B0AE-4667F10000C9}.Release|iPhoneSimulator.ActiveCfg = Release|x86
		{49F31C7D-9AE6-4BC9-B0AE-4667F10000C9}.Release|iPhoneSimulator.Build.0 = Release|x86
		{49F31C7D-9AE6-4BC9-B0AE-4667F10000C9}.Release|iPhoneSimulator.Deploy.0 = Release|x86
		{49F31C7D-9AE6-4BC9-B0AE-4667F10000C9}.Release|x64.ActiveCfg = Release|x64
		{49F31C7D-9AE6-4BC9-B0AE-4667F10000C9}.Release|x64.Build.0 = Release|x64
		{49F31C7D-9AE6-4BC9-B0AE-4667F10000C9}.Release|x64.Deploy.0 = Release|x64
		{49F31C7D-9AE6-4BC9-B0AE-4667F10000C9}.Release|x86.ActiveCfg = Release|x86
		{49F31C7D-9AE6-4BC9-B0AE-4667F10000C9}.Release|x86.Build.0 = Release|x86
		{49F31C7D-9AE6-4BC9-B0AE-4667F10000C9}.Release|x86.Deploy.0 = Release|x86
		{B283BD4C-2265-4748-BEB7-A56812541104}.Debug|Any CPU.ActiveCfg = Debug|Any CPU
		{B283BD4C-2265-4748-BEB7-A56812541104}.Debug|Any CPU.Build.0 = Debug|Any CPU
		{B283BD4C-2265-4748-BEB7-A56812541104}.Debug|Any CPU.Deploy.0 = Debug|Any CPU
		{B283BD4C-2265-4748-BEB7-A56812541104}.Debug|ARM.ActiveCfg = Debug|Any CPU
		{B283BD4C-2265-4748-BEB7-A56812541104}.Debug|ARM.Build.0 = Debug|Any CPU
		{B283BD4C-2265-4748-BEB7-A56812541104}.Debug|ARM.Deploy.0 = Debug|Any CPU
		{B283BD4C-2265-4748-BEB7-A56812541104}.Debug|iPhone.ActiveCfg = Debug|Any CPU
		{B283BD4C-2265-4748-BEB7-A56812541104}.Debug|iPhone.Build.0 = Debug|Any CPU
		{B283BD4C-2265-4748-BEB7-A56812541104}.Debug|iPhone.Deploy.0 = Debug|Any CPU
		{B283BD4C-2265-4748-BEB7-A56812541104}.Debug|iPhoneSimulator.ActiveCfg = Debug|Any CPU
		{B283BD4C-2265-4748-BEB7-A56812541104}.Debug|iPhoneSimulator.Build.0 = Debug|Any CPU
		{B283BD4C-2265-4748-BEB7-A56812541104}.Debug|iPhoneSimulator.Deploy.0 = Debug|Any CPU
		{B283BD4C-2265-4748-BEB7-A56812541104}.Debug|x64.ActiveCfg = Debug|Any CPU
		{B283BD4C-2265-4748-BEB7-A56812541104}.Debug|x64.Build.0 = Debug|Any CPU
		{B283BD4C-2265-4748-BEB7-A56812541104}.Debug|x64.Deploy.0 = Debug|Any CPU
		{B283BD4C-2265-4748-BEB7-A56812541104}.Debug|x86.ActiveCfg = Debug|Any CPU
		{B283BD4C-2265-4748-BEB7-A56812541104}.Debug|x86.Build.0 = Debug|Any CPU
		{B283BD4C-2265-4748-BEB7-A56812541104}.Debug|x86.Deploy.0 = Debug|Any CPU
		{B283BD4C-2265-4748-BEB7-A56812541104}.Release|Any CPU.ActiveCfg = Release|Any CPU
		{B283BD4C-2265-4748-BEB7-A56812541104}.Release|Any CPU.Build.0 = Release|Any CPU
		{B283BD4C-2265-4748-BEB7-A56812541104}.Release|Any CPU.Deploy.0 = Release|Any CPU
		{B283BD4C-2265-4748-BEB7-A56812541104}.Release|ARM.ActiveCfg = Release|Any CPU
		{B283BD4C-2265-4748-BEB7-A56812541104}.Release|ARM.Build.0 = Release|Any CPU
		{B283BD4C-2265-4748-BEB7-A56812541104}.Release|ARM.Deploy.0 = Release|Any CPU
		{B283BD4C-2265-4748-BEB7-A56812541104}.Release|iPhone.ActiveCfg = Release|Any CPU
		{B283BD4C-2265-4748-BEB7-A56812541104}.Release|iPhone.Build.0 = Release|Any CPU
		{B283BD4C-2265-4748-BEB7-A56812541104}.Release|iPhone.Deploy.0 = Release|Any CPU
		{B283BD4C-2265-4748-BEB7-A56812541104}.Release|iPhoneSimulator.ActiveCfg = Release|Any CPU
		{B283BD4C-2265-4748-BEB7-A56812541104}.Release|iPhoneSimulator.Build.0 = Release|Any CPU
		{B283BD4C-2265-4748-BEB7-A56812541104}.Release|iPhoneSimulator.Deploy.0 = Release|Any CPU
		{B283BD4C-2265-4748-BEB7-A56812541104}.Release|x64.ActiveCfg = Release|Any CPU
		{B283BD4C-2265-4748-BEB7-A56812541104}.Release|x64.Build.0 = Release|Any CPU
		{B283BD4C-2265-4748-BEB7-A56812541104}.Release|x64.Deploy.0 = Release|Any CPU
		{B283BD4C-2265-4748-BEB7-A56812541104}.Release|x86.ActiveCfg = Release|Any CPU
		{B283BD4C-2265-4748-BEB7-A56812541104}.Release|x86.Build.0 = Release|Any CPU
		{B283BD4C-2265-4748-BEB7-A56812541104}.Release|x86.Deploy.0 = Release|Any CPU
		{B53C2C21-5F1B-47A7-B632-F3481C30E7C0}.Debug|Any CPU.ActiveCfg = Debug|iPhone
		{B53C2C21-5F1B-47A7-B632-F3481C30E7C0}.Debug|Any CPU.Build.0 = Debug|iPhone
		{B53C2C21-5F1B-47A7-B632-F3481C30E7C0}.Debug|Any CPU.Deploy.0 = Debug|iPhone
		{B53C2C21-5F1B-47A7-B632-F3481C30E7C0}.Debug|ARM.ActiveCfg = Debug|iPhoneSimulator
		{B53C2C21-5F1B-47A7-B632-F3481C30E7C0}.Debug|ARM.Build.0 = Debug|iPhoneSimulator
		{B53C2C21-5F1B-47A7-B632-F3481C30E7C0}.Debug|ARM.Deploy.0 = Debug|iPhoneSimulator
		{B53C2C21-5F1B-47A7-B632-F3481C30E7C0}.Debug|iPhone.ActiveCfg = Debug|iPhone
		{B53C2C21-5F1B-47A7-B632-F3481C30E7C0}.Debug|iPhone.Build.0 = Debug|iPhone
		{B53C2C21-5F1B-47A7-B632-F3481C30E7C0}.Debug|iPhone.Deploy.0 = Debug|iPhone
		{B53C2C21-5F1B-47A7-B632-F3481C30E7C0}.Debug|iPhoneSimulator.ActiveCfg = Debug|iPhoneSimulator
		{B53C2C21-5F1B-47A7-B632-F3481C30E7C0}.Debug|iPhoneSimulator.Build.0 = Debug|iPhoneSimulator
		{B53C2C21-5F1B-47A7-B632-F3481C30E7C0}.Debug|iPhoneSimulator.Deploy.0 = Debug|iPhoneSimulator
		{B53C2C21-5F1B-47A7-B632-F3481C30E7C0}.Debug|x64.ActiveCfg = Debug|iPhone
		{B53C2C21-5F1B-47A7-B632-F3481C30E7C0}.Debug|x64.Build.0 = Debug|iPhone
		{B53C2C21-5F1B-47A7-B632-F3481C30E7C0}.Debug|x64.Deploy.0 = Debug|iPhone
		{B53C2C21-5F1B-47A7-B632-F3481C30E7C0}.Debug|x86.ActiveCfg = Debug|iPhone
		{B53C2C21-5F1B-47A7-B632-F3481C30E7C0}.Debug|x86.Build.0 = Debug|iPhone
		{B53C2C21-5F1B-47A7-B632-F3481C30E7C0}.Debug|x86.Deploy.0 = Debug|iPhone
		{B53C2C21-5F1B-47A7-B632-F3481C30E7C0}.Release|Any CPU.ActiveCfg = Release|iPhone
		{B53C2C21-5F1B-47A7-B632-F3481C30E7C0}.Release|Any CPU.Build.0 = Release|iPhone
		{B53C2C21-5F1B-47A7-B632-F3481C30E7C0}.Release|Any CPU.Deploy.0 = Release|iPhone
		{B53C2C21-5F1B-47A7-B632-F3481C30E7C0}.Release|ARM.ActiveCfg = Release|iPhone
		{B53C2C21-5F1B-47A7-B632-F3481C30E7C0}.Release|ARM.Build.0 = Release|iPhone
		{B53C2C21-5F1B-47A7-B632-F3481C30E7C0}.Release|ARM.Deploy.0 = Release|iPhone
		{B53C2C21-5F1B-47A7-B632-F3481C30E7C0}.Release|iPhone.ActiveCfg = Release|iPhone
		{B53C2C21-5F1B-47A7-B632-F3481C30E7C0}.Release|iPhone.Build.0 = Release|iPhone
		{B53C2C21-5F1B-47A7-B632-F3481C30E7C0}.Release|iPhone.Deploy.0 = Release|iPhone
		{B53C2C21-5F1B-47A7-B632-F3481C30E7C0}.Release|iPhoneSimulator.ActiveCfg = Release|iPhoneSimulator
		{B53C2C21-5F1B-47A7-B632-F3481C30E7C0}.Release|iPhoneSimulator.Build.0 = Release|iPhoneSimulator
		{B53C2C21-5F1B-47A7-B632-F3481C30E7C0}.Release|iPhoneSimulator.Deploy.0 = Release|iPhoneSimulator
		{B53C2C21-5F1B-47A7-B632-F3481C30E7C0}.Release|x64.ActiveCfg = Release|iPhone
		{B53C2C21-5F1B-47A7-B632-F3481C30E7C0}.Release|x64.Build.0 = Release|iPhone
		{B53C2C21-5F1B-47A7-B632-F3481C30E7C0}.Release|x64.Deploy.0 = Release|iPhone
		{B53C2C21-5F1B-47A7-B632-F3481C30E7C0}.Release|x86.ActiveCfg = Release|iPhone
		{B53C2C21-5F1B-47A7-B632-F3481C30E7C0}.Release|x86.Build.0 = Release|iPhone
		{B53C2C21-5F1B-47A7-B632-F3481C30E7C0}.Release|x86.Deploy.0 = Release|iPhone
		{78DB7D70-6ED0-4263-AE30-9886556F3D02}.Debug|Any CPU.ActiveCfg = Debug|Any CPU
		{78DB7D70-6ED0-4263-AE30-9886556F3D02}.Debug|Any CPU.Build.0 = Debug|Any CPU
		{78DB7D70-6ED0-4263-AE30-9886556F3D02}.Debug|Any CPU.Deploy.0 = Debug|Any CPU
		{78DB7D70-6ED0-4263-AE30-9886556F3D02}.Debug|ARM.ActiveCfg = Debug|Any CPU
		{78DB7D70-6ED0-4263-AE30-9886556F3D02}.Debug|ARM.Build.0 = Debug|Any CPU
		{78DB7D70-6ED0-4263-AE30-9886556F3D02}.Debug|ARM.Deploy.0 = Debug|Any CPU
		{78DB7D70-6ED0-4263-AE30-9886556F3D02}.Debug|iPhone.ActiveCfg = Debug|Any CPU
		{78DB7D70-6ED0-4263-AE30-9886556F3D02}.Debug|iPhone.Build.0 = Debug|Any CPU
		{78DB7D70-6ED0-4263-AE30-9886556F3D02}.Debug|iPhone.Deploy.0 = Debug|Any CPU
		{78DB7D70-6ED0-4263-AE30-9886556F3D02}.Debug|iPhoneSimulator.ActiveCfg = Debug|Any CPU
		{78DB7D70-6ED0-4263-AE30-9886556F3D02}.Debug|iPhoneSimulator.Build.0 = Debug|Any CPU
		{78DB7D70-6ED0-4263-AE30-9886556F3D02}.Debug|iPhoneSimulator.Deploy.0 = Debug|Any CPU
		{78DB7D70-6ED0-4263-AE30-9886556F3D02}.Debug|x64.ActiveCfg = Debug|Any CPU
		{78DB7D70-6ED0-4263-AE30-9886556F3D02}.Debug|x64.Build.0 = Debug|Any CPU
		{78DB7D70-6ED0-4263-AE30-9886556F3D02}.Debug|x64.Deploy.0 = Debug|Any CPU
		{78DB7D70-6ED0-4263-AE30-9886556F3D02}.Debug|x86.ActiveCfg = Debug|Any CPU
		{78DB7D70-6ED0-4263-AE30-9886556F3D02}.Debug|x86.Build.0 = Debug|Any CPU
		{78DB7D70-6ED0-4263-AE30-9886556F3D02}.Debug|x86.Deploy.0 = Debug|Any CPU
		{78DB7D70-6ED0-4263-AE30-9886556F3D02}.Release|Any CPU.ActiveCfg = Release|Any CPU
		{78DB7D70-6ED0-4263-AE30-9886556F3D02}.Release|Any CPU.Build.0 = Release|Any CPU
		{78DB7D70-6ED0-4263-AE30-9886556F3D02}.Release|Any CPU.Deploy.0 = Release|Any CPU
		{78DB7D70-6ED0-4263-AE30-9886556F3D02}.Release|ARM.ActiveCfg = Release|Any CPU
		{78DB7D70-6ED0-4263-AE30-9886556F3D02}.Release|ARM.Build.0 = Release|Any CPU
		{78DB7D70-6ED0-4263-AE30-9886556F3D02}.Release|ARM.Deploy.0 = Release|Any CPU
		{78DB7D70-6ED0-4263-AE30-9886556F3D02}.Release|iPhone.ActiveCfg = Release|Any CPU
		{78DB7D70-6ED0-4263-AE30-9886556F3D02}.Release|iPhone.Build.0 = Release|Any CPU
		{78DB7D70-6ED0-4263-AE30-9886556F3D02}.Release|iPhone.Deploy.0 = Release|Any CPU
		{78DB7D70-6ED0-4263-AE30-9886556F3D02}.Release|iPhoneSimulator.ActiveCfg = Release|Any CPU
		{78DB7D70-6ED0-4263-AE30-9886556F3D02}.Release|iPhoneSimulator.Build.0 = Release|Any CPU
		{78DB7D70-6ED0-4263-AE30-9886556F3D02}.Release|iPhoneSimulator.Deploy.0 = Release|Any CPU
		{78DB7D70-6ED0-4263-AE30-9886556F3D02}.Release|x64.ActiveCfg = Release|Any CPU
		{78DB7D70-6ED0-4263-AE30-9886556F3D02}.Release|x64.Build.0 = Release|Any CPU
		{78DB7D70-6ED0-4263-AE30-9886556F3D02}.Release|x64.Deploy.0 = Release|Any CPU
		{78DB7D70-6ED0-4263-AE30-9886556F3D02}.Release|x86.ActiveCfg = Release|Any CPU
		{78DB7D70-6ED0-4263-AE30-9886556F3D02}.Release|x86.Build.0 = Release|Any CPU
		{78DB7D70-6ED0-4263-AE30-9886556F3D02}.Release|x86.Deploy.0 = Release|Any CPU
	EndGlobalSection
	GlobalSection(SolutionProperties) = preSolution
		HideSolutionNode = FALSE
	EndGlobalSection
	GlobalSection(ExtensibilityGlobals) = postSolution
		SolutionGuid = {9E990164-C000-4B3E-9AE7-7B02E914AB19}
	EndGlobalSection
EndGlobal
