
Microsoft Visual Studio Solution File, Format Version 12.00
# Visual Studio Version 16
VisualStudioVersion = 16.0.29806.167
MinimumVisualStudioVersion = 10.0.40219.1
Project("{FAE04EC0-301F-11D3-BF4B-00C04F79EFBC}") = "App2_SOAPClient.UWP", "App2_SOAPClient.UWP\App2_SOAPClient.UWP.csproj", "{A274344A-2AE8-440B-852A-34C92C2A3EE8}"
EndProject
Project("{FAE04EC0-301F-11D3-BF4B-00C04F79EFBC}") = "App2_SOAPClient.Android", "App2_SOAPClient.Android\App2_SOAPClient.Android.csproj", "{A3C218F2-071C-4B60-BE59-229DA5143CE3}"
EndProject
Project("{FAE04EC0-301F-11D3-BF4B-00C04F79EFBC}") = "App2_SOAPClient.iOS", "App2_SOAPClient.iOS\App2_SOAPClient.iOS.csproj", "{10DF4579-34FB-49E2-85B5-6C256CC7F5B8}"
EndProject
Project("{FAE04EC0-301F-11D3-BF4B-00C04F79EFBC}") = "App2_SOAPClient", "App2_SOAPClient\App2_SOAPClient.csproj", "{AF62F857-6D53-44D1-883C-10A3C0784F41}"
EndProject
Global
	GlobalSection(SolutionConfigurationPlatforms) = preSolution
		Debug|Any CPU = Debug|Any CPU
		Debug|ARM = Debug|ARM
		Debug|iPhone = Debug|iPhone
		Debug|iPhoneSimulator = Debug|iPhoneSimulator
		Debug|x64 = Debug|x64
		Debug|x86 = Debug|x86
		Release|Any CPU = Release|Any CPU
		Release|ARM = Release|ARM
		Release|iPhone = Release|iPhone
		Release|iPhoneSimulator = Release|iPhoneSimulator
		Release|x64 = Release|x64
		Release|x86 = Release|x86
	EndGlobalSection
	GlobalSection(ProjectConfigurationPlatforms) = postSolution
		{A274344A-2AE8-440B-852A-34C92C2A3EE8}.Debug|Any CPU.ActiveCfg = Debug|x86
		{A274344A-2AE8-440B-852A-34C92C2A3EE8}.Debug|Any CPU.Build.0 = Debug|x86
		{A274344A-2AE8-440B-852A-34C92C2A3EE8}.Debug|Any CPU.Deploy.0 = Debug|x86
		{A274344A-2AE8-440B-852A-34C92C2A3EE8}.Debug|ARM.ActiveCfg = Debug|ARM
		{A274344A-2AE8-440B-852A-34C92C2A3EE8}.Debug|ARM.Build.0 = Debug|ARM
		{A274344A-2AE8-440B-852A-34C92C2A3EE8}.Debug|ARM.Deploy.0 = Debug|ARM
		{A274344A-2AE8-440B-852A-34C92C2A3EE8}.Debug|iPhone.ActiveCfg = Debug|x86
		{A274344A-2AE8-440B-852A-34C92C2A3EE8}.Debug|iPhone.Build.0 = Debug|x86
		{A274344A-2AE8-440B-852A-34C92C2A3EE8}.Debug|iPhone.Deploy.0 = Debug|x86
		{A274344A-2AE8-440B-852A-34C92C2A3EE8}.Debug|iPhoneSimulator.ActiveCfg = Debug|x86
		{A274344A-2AE8-440B-852A-34C92C2A3EE8}.Debug|iPhoneSimulator.Build.0 = Debug|x86
		{A274344A-2AE8-440B-852A-34C92C2A3EE8}.Debug|iPhoneSimulator.Deploy.0 = Debug|x86
		{A274344A-2AE8-440B-852A-34C92C2A3EE8}.Debug|x64.ActiveCfg = Debug|x64
		{A274344A-2AE8-440B-852A-34C92C2A3EE8}.Debug|x64.Build.0 = Debug|x64
		{A274344A-2AE8-440B-852A-34C92C2A3EE8}.Debug|x64.Deploy.0 = Debug|x64
		{A274344A-2AE8-440B-852A-34C92C2A3EE8}.Debug|x86.ActiveCfg = Debug|x86
		{A274344A-2AE8-440B-852A-34C92C2A3EE8}.Debug|x86.Build.0 = Debug|x86
		{A274344A-2AE8-440B-852A-34C92C2A3EE8}.Debug|x86.Deploy.0 = Debug|x86
		{A274344A-2AE8-440B-852A-34C92C2A3EE8}.Release|Any CPU.ActiveCfg = Release|x86
		{A274344A-2AE8-440B-852A-34C92C2A3EE8}.Release|Any CPU.Build.0 = Release|x86
		{A274344A-2AE8-440B-852A-34C92C2A3EE8}.Release|Any CPU.Deploy.0 = Release|x86
		{A274344A-2AE8-440B-852A-34C92C2A3EE8}.Release|ARM.ActiveCfg = Release|ARM
		{A274344A-2AE8-440B-852A-34C92C2A3EE8}.Release|ARM.Build.0 = Release|ARM
		{A274344A-2AE8-440B-852A-34C92C2A3EE8}.Release|ARM.Deploy.0 = Release|ARM
		{A274344A-2AE8-440B-852A-34C92C2A3EE8}.Release|iPhone.ActiveCfg = Release|x86
		{A274344A-2AE8-440B-852A-34C92C2A3EE8}.Release|iPhone.Build.0 = Release|x86
		{A274344A-2AE8-440B-852A-34C92C2A3EE8}.Release|iPhone.Deploy.0 = Release|x86
		{A274344A-2AE8-440B-852A-34C92C2A3EE8}.Release|iPhoneSimulator.ActiveCfg = Release|x86
		{A274344A-2AE8-440B-852A-34C92C2A3EE8}.Release|iPhoneSimulator.Build.0 = Release|x86
		{A274344A-2AE8-440B-852A-34C92C2A3EE8}.Release|iPhoneSimulator.Deploy.0 = Release|x86
		{A274344A-2AE8-440B-852A-34C92C2A3EE8}.Release|x64.ActiveCfg = Release|x64
		{A274344A-2AE8-440B-852A-34C92C2A3EE8}.Release|x64.Build.0 = Release|x64
		{A274344A-2AE8-440B-852A-34C92C2A3EE8}.Release|x64.Deploy.0 = Release|x64
		{A274344A-2AE8-440B-852A-34C92C2A3EE8}.Release|x86.ActiveCfg = Release|x86
		{A274344A-2AE8-440B-852A-34C92C2A3EE8}.Release|x86.Build.0 = Release|x86
		{A274344A-2AE8-440B-852A-34C92C2A3EE8}.Release|x86.Deploy.0 = Release|x86
		{A3C218F2-071C-4B60-BE59-229DA5143CE3}.Debug|Any CPU.ActiveCfg = Debug|Any CPU
		{A3C218F2-071C-4B60-BE59-229DA5143CE3}.Debug|Any CPU.Build.0 = Debug|Any CPU
		{A3C218F2-071C-4B60-BE59-229DA5143CE3}.Debug|Any CPU.Deploy.0 = Debug|Any CPU
		{A3C218F2-071C-4B60-BE59-229DA5143CE3}.Debug|ARM.ActiveCfg = Debug|Any CPU
		{A3C218F2-071C-4B60-BE59-229DA5143CE3}.Debug|ARM.Build.0 = Debug|Any CPU
		{A3C218F2-071C-4B60-BE59-229DA5143CE3}.Debug|ARM.Deploy.0 = Debug|Any CPU
		{A3C218F2-071C-4B60-BE59-229DA5143CE3}.Debug|iPhone.ActiveCfg = Debug|Any CPU
		{A3C218F2-071C-4B60-BE59-229DA5143CE3}.Debug|iPhone.Build.0 = Debug|Any CPU
		{A3C218F2-071C-4B60-BE59-229DA5143CE3}.Debug|iPhone.Deploy.0 = Debug|Any CPU
		{A3C218F2-071C-4B60-BE59-229DA5143CE3}.Debug|iPhoneSimulator.ActiveCfg = Debug|Any CPU
		{A3C218F2-071C-4B60-BE59-229DA5143CE3}.Debug|iPhoneSimulator.Build.0 = Debug|Any CPU
		{A3C218F2-071C-4B60-BE59-229DA5143CE3}.Debug|iPhoneSimulator.Deploy.0 = Debug|Any CPU
		{A3C218F2-071C-4B60-BE59-229DA5143CE3}.Debug|x64.ActiveCfg = Debug|Any CPU
		{A3C218F2-071C-4B60-BE59-229DA5143CE3}.Debug|x64.Build.0 = Debug|Any CPU
		{A3C218F2-071C-4B60-BE59-229DA5143CE3}.Debug|x64.Deploy.0 = Debug|Any CPU
		{A3C218F2-071C-4B60-BE59-229DA5143CE3}.Debug|x86.ActiveCfg = Debug|Any CPU
		{A3C218F2-071C-4B60-BE59-229DA5143CE3}.Debug|x86.Build.0 = Debug|Any CPU
		{A3C218F2-071C-4B60-BE59-229DA5143CE3}.Debug|x86.Deploy.0 = Debug|Any CPU
		{A3C218F2-071C-4B60-BE59-229DA5143CE3}.Release|Any CPU.ActiveCfg = Release|Any CPU
		{A3C218F2-071C-4B60-BE59-229DA5143CE3}.Release|Any CPU.Build.0 = Release|Any CPU
		{A3C218F2-071C-4B60-BE59-229DA5143CE3}.Release|Any CPU.Deploy.0 = Release|Any CPU
		{A3C218F2-071C-4B60-BE59-229DA5143CE3}.Release|ARM.ActiveCfg = Release|Any CPU
		{A3C218F2-071C-4B60-BE59-229DA5143CE3}.Release|ARM.Build.0 = Release|Any CPU
		{A3C218F2-071C-4B60-BE59-229DA5143CE3}.Release|ARM.Deploy.0 = Release|Any CPU
		{A3C218F2-071C-4B60-BE59-229DA5143CE3}.Release|iPhone.ActiveCfg = Release|Any CPU
		{A3C218F2-071C-4B60-BE59-229DA5143CE3}.Release|iPhone.Build.0 = Release|Any CPU
		{A3C218F2-071C-4B60-BE59-229DA5143CE3}.Release|iPhone.Deploy.0 = Release|Any CPU
		{A3C218F2-071C-4B60-BE59-229DA5143CE3}.Release|iPhoneSimulator.ActiveCfg = Release|Any CPU
		{A3C218F2-071C-4B60-BE59-229DA5143CE3}.Release|iPhoneSimulator.Build.0 = Release|Any CPU
		{A3C218F2-071C-4B60-BE59-229DA5143CE3}.Release|iPhoneSimulator.Deploy.0 = Release|Any CPU
		{A3C218F2-071C-4B60-BE59-229DA5143CE3}.Release|x64.ActiveCfg = Release|Any CPU
		{A3C218F2-071C-4B60-BE59-229DA5143CE3}.Release|x64.Build.0 = Release|Any CPU
		{A3C218F2-071C-4B60-BE59-229DA5143CE3}.Release|x64.Deploy.0 = Release|Any CPU
		{A3C218F2-071C-4B60-BE59-229DA5143CE3}.Release|x86.ActiveCfg = Release|Any CPU
		{A3C218F2-071C-4B60-BE59-229DA5143CE3}.Release|x86.Build.0 = Release|Any CPU
		{A3C218F2-071C-4B60-BE59-229DA5143CE3}.Release|x86.Deploy.0 = Release|Any CPU
		{10DF4579-34FB-49E2-85B5-6C256CC7F5B8}.Debug|Any CPU.ActiveCfg = Debug|iPhone
		{10DF4579-34FB-49E2-85B5-6C256CC7F5B8}.Debug|Any CPU.Build.0 = Debug|iPhone
		{10DF4579-34FB-49E2-85B5-6C256CC7F5B8}.Debug|Any CPU.Deploy.0 = Debug|iPhone
		{10DF4579-34FB-49E2-85B5-6C256CC7F5B8}.Debug|ARM.ActiveCfg = Debug|iPhoneSimulator
		{10DF4579-34FB-49E2-85B5-6C256CC7F5B8}.Debug|ARM.Build.0 = Debug|iPhoneSimulator
		{10DF4579-34FB-49E2-85B5-6C256CC7F5B8}.Debug|ARM.Deploy.0 = Debug|iPhoneSimulator
		{10DF4579-34FB-49E2-85B5-6C256CC7F5B8}.Debug|iPhone.ActiveCfg = Debug|iPhone
		{10DF4579-34FB-49E2-85B5-6C256CC7F5B8}.Debug|iPhone.Build.0 = Debug|iPhone
		{10DF4579-34FB-49E2-85B5-6C256CC7F5B8}.Debug|iPhone.Deploy.0 = Debug|iPhone
		{10DF4579-34FB-49E2-85B5-6C256CC7F5B8}.Debug|iPhoneSimulator.ActiveCfg = Debug|iPhoneSimulator
		{10DF4579-34FB-49E2-85B5-6C256CC7F5B8}.Debug|iPhoneSimulator.Build.0 = Debug|iPhoneSimulator
		{10DF4579-34FB-49E2-85B5-6C256CC7F5B8}.Debug|iPhoneSimulator.Deploy.0 = Debug|iPhoneSimulator
		{10DF4579-34FB-49E2-85B5-6C256CC7F5B8}.Debug|x64.ActiveCfg = Debug|iPhone
		{10DF4579-34FB-49E2-85B5-6C256CC7F5B8}.Debug|x64.Build.0 = Debug|iPhone
		{10DF4579-34FB-49E2-85B5-6C256CC7F5B8}.Debug|x64.Deploy.0 = Debug|iPhone
		{10DF4579-34FB-49E2-85B5-6C256CC7F5B8}.Debug|x86.ActiveCfg = Debug|iPhone
		{10DF4579-34FB-49E2-85B5-6C256CC7F5B8}.Debug|x86.Build.0 = Debug|iPhone
		{10DF4579-34FB-49E2-85B5-6C256CC7F5B8}.Debug|x86.Deploy.0 = Debug|iPhone
		{10DF4579-34FB-49E2-85B5-6C256CC7F5B8}.Release|Any CPU.ActiveCfg = Release|iPhone
		{10DF4579-34FB-49E2-85B5-6C256CC7F5B8}.Release|Any CPU.Build.0 = Release|iPhone
		{10DF4579-34FB-49E2-85B5-6C256CC7F5B8}.Release|Any CPU.Deploy.0 = Release|iPhone
		{10DF4579-34FB-49E2-85B5-6C256CC7F5B8}.Release|ARM.ActiveCfg = Release|iPhone
		{10DF4579-34FB-49E2-85B5-6C256CC7F5B8}.Release|ARM.Build.0 = Release|iPhone
		{10DF4579-34FB-49E2-85B5-6C256CC7F5B8}.Release|ARM.Deploy.0 = Release|iPhone
		{10DF4579-34FB-49E2-85B5-6C256CC7F5B8}.Release|iPhone.ActiveCfg = Release|iPhone
		{10DF4579-34FB-49E2-85B5-6C256CC7F5B8}.Release|iPhone.Build.0 = Release|iPhone
		{10DF4579-34FB-49E2-85B5-6C256CC7F5B8}.Release|iPhone.Deploy.0 = Release|iPhone
		{10DF4579-34FB-49E2-85B5-6C256CC7F5B8}.Release|iPhoneSimulator.ActiveCfg = Release|iPhoneSimulator
		{10DF4579-34FB-49E2-85B5-6C256CC7F5B8}.Release|iPhoneSimulator.Build.0 = Release|iPhoneSimulator
		{10DF4579-34FB-49E2-85B5-6C256CC7F5B8}.Release|iPhoneSimulator.Deploy.0 = Release|iPhoneSimulator
		{10DF4579-34FB-49E2-85B5-6C256CC7F5B8}.Release|x64.ActiveCfg = Release|iPhone
		{10DF4579-34FB-49E2-85B5-6C256CC7F5B8}.Release|x64.Build.0 = Release|iPhone
		{10DF4579-34FB-49E2-85B5-6C256CC7F5B8}.Release|x64.Deploy.0 = Release|iPhone
		{10DF4579-34FB-49E2-85B5-6C256CC7F5B8}.Release|x86.ActiveCfg = Release|iPhone
		{10DF4579-34FB-49E2-85B5-6C256CC7F5B8}.Release|x86.Build.0 = Release|iPhone
		{10DF4579-34FB-49E2-85B5-6C256CC7F5B8}.Release|x86.Deploy.0 = Release|iPhone
		{AF62F857-6D53-44D1-883C-10A3C0784F41}.Debug|Any CPU.ActiveCfg = Debug|Any CPU
		{AF62F857-6D53-44D1-883C-10A3C0784F41}.Debug|Any CPU.Build.0 = Debug|Any CPU
		{AF62F857-6D53-44D1-883C-10A3C0784F41}.Debug|Any CPU.Deploy.0 = Debug|Any CPU
		{AF62F857-6D53-44D1-883C-10A3C0784F41}.Debug|ARM.ActiveCfg = Debug|Any CPU
		{AF62F857-6D53-44D1-883C-10A3C0784F41}.Debug|ARM.Build.0 = Debug|Any CPU
		{AF62F857-6D53-44D1-883C-10A3C0784F41}.Debug|ARM.Deploy.0 = Debug|Any CPU
		{AF62F857-6D53-44D1-883C-10A3C0784F41}.Debug|iPhone.ActiveCfg = Debug|Any CPU
		{AF62F857-6D53-44D1-883C-10A3C0784F41}.Debug|iPhone.Build.0 = Debug|Any CPU
		{AF62F857-6D53-44D1-883C-10A3C0784F41}.Debug|iPhone.Deploy.0 = Debug|Any CPU
		{AF62F857-6D53-44D1-883C-10A3C0784F41}.Debug|iPhoneSimulator.ActiveCfg = Debug|Any CPU
		{AF62F857-6D53-44D1-883C-10A3C0784F41}.Debug|iPhoneSimulator.Build.0 = Debug|Any CPU
		{AF62F857-6D53-44D1-883C-10A3C0784F41}.Debug|iPhoneSimulator.Deploy.0 = Debug|Any CPU
		{AF62F857-6D53-44D1-883C-10A3C0784F41}.Debug|x64.ActiveCfg = Debug|Any CPU
		{AF62F857-6D53-44D1-883C-10A3C0784F41}.Debug|x64.Build.0 = Debug|Any CPU
		{AF62F857-6D53-44D1-883C-10A3C0784F41}.Debug|x64.Deploy.0 = Debug|Any CPU
		{AF62F857-6D53-44D1-883C-10A3C0784F41}.Debug|x86.ActiveCfg = Debug|Any CPU
		{AF62F857-6D53-44D1-883C-10A3C0784F41}.Debug|x86.Build.0 = Debug|Any CPU
		{AF62F857-6D53-44D1-883C-10A3C0784F41}.Debug|x86.Deploy.0 = Debug|Any CPU
		{AF62F857-6D53-44D1-883C-10A3C0784F41}.Release|Any CPU.ActiveCfg = Release|Any CPU
		{AF62F857-6D53-44D1-883C-10A3C0784F41}.Release|Any CPU.Build.0 = Release|Any CPU
		{AF62F857-6D53-44D1-883C-10A3C0784F41}.Release|Any CPU.Deploy.0 = Release|Any CPU
		{AF62F857-6D53-44D1-883C-10A3C0784F41}.Release|ARM.ActiveCfg = Release|Any CPU
		{AF62F857-6D53-44D1-883C-10A3C0784F41}.Release|ARM.Build.0 = Release|Any CPU
		{AF62F857-6D53-44D1-883C-10A3C0784F41}.Release|ARM.Deploy.0 = Release|Any CPU
		{AF62F857-6D53-44D1-883C-10A3C0784F41}.Release|iPhone.ActiveCfg = Release|Any CPU
		{AF62F857-6D53-44D1-883C-10A3C0784F41}.Release|iPhone.Build.0 = Release|Any CPU
		{AF62F857-6D53-44D1-883C-10A3C0784F41}.Release|iPhone.Deploy.0 = Release|Any CPU
		{AF62F857-6D53-44D1-883C-10A3C0784F41}.Release|iPhoneSimulator.ActiveCfg = Release|Any CPU
		{AF62F857-6D53-44D1-883C-10A3C0784F41}.Release|iPhoneSimulator.Build.0 = Release|Any CPU
		{AF62F857-6D53-44D1-883C-10A3C0784F41}.Release|iPhoneSimulator.Deploy.0 = Release|Any CPU
		{AF62F857-6D53-44D1-883C-10A3C0784F41}.Release|x64.ActiveCfg = Release|Any CPU
		{AF62F857-6D53-44D1-883C-10A3C0784F41}.Release|x64.Build.0 = Release|Any CPU
		{AF62F857-6D53-44D1-883C-10A3C0784F41}.Release|x64.Deploy.0 = Release|Any CPU
		{AF62F857-6D53-44D1-883C-10A3C0784F41}.Release|x86.ActiveCfg = Release|Any CPU
		{AF62F857-6D53-44D1-883C-10A3C0784F41}.Release|x86.Build.0 = Release|Any CPU
		{AF62F857-6D53-44D1-883C-10A3C0784F41}.Release|x86.Deploy.0 = Release|Any CPU
	EndGlobalSection
	GlobalSection(SolutionProperties) = preSolution
		HideSolutionNode = FALSE
	EndGlobalSection
	GlobalSection(ExtensibilityGlobals) = postSolution
		SolutionGuid = {1183D78E-6CFB-4701-A7A4-A228390A5FAC}
	EndGlobalSection
EndGlobal
