
Microsoft Visual Studio Solution File, Format Version 12.00
# Visual Studio Version 16
VisualStudioVersion = 16.0.29728.190
MinimumVisualStudioVersion = 10.0.40219.1
Project("{FAE04EC0-301F-11D3-BF4B-00C04F79EFBC}") = "App1_Vagas.UWP", "App1_Vagas.UWP\App1_Vagas.UWP.csproj", "{15BAF791-FD64-4DB7-B433-E9731208EF54}"
EndProject
Project("{FAE04EC0-301F-11D3-BF4B-00C04F79EFBC}") = "App1_Vagas.Android", "App1_Vagas.Android\App1_Vagas.Android.csproj", "{8FD933E2-950A-4078-9B9F-4D2D8364F2A2}"
EndProject
Project("{FAE04EC0-301F-11D3-BF4B-00C04F79EFBC}") = "App1_Vagas.iOS", "App1_Vagas.iOS\App1_Vagas.iOS.csproj", "{7553B8A6-2839-4F58-B805-7316753EE237}"
EndProject
Project("{FAE04EC0-301F-11D3-BF4B-00C04F79EFBC}") = "App1_Vagas", "App1_Vagas\App1_Vagas.csproj", "{3014C5C4-6F68-41A9-A36A-06645003AD99}"
EndProject
Global
	GlobalSection(SolutionConfigurationPlatforms) = preSolution
		Debug|Any CPU = Debug|Any CPU
		Debug|ARM = Debug|ARM
		Debug|iPhone = Debug|iPhone
		Debug|iPhoneSimulator = Debug|iPhoneSimulator
		Debug|x64 = Debug|x64
		Debug|x86 = Debug|x86
		Release|Any CPU = Release|Any CPU
		Release|ARM = Release|ARM
		Release|iPhone = Release|iPhone
		Release|iPhoneSimulator = Release|iPhoneSimulator
		Release|x64 = Release|x64
		Release|x86 = Release|x86
	EndGlobalSection
	GlobalSection(ProjectConfigurationPlatforms) = postSolution
		{15BAF791-FD64-4DB7-B433-E9731208EF54}.Debug|Any CPU.ActiveCfg = Debug|x86
		{15BAF791-FD64-4DB7-B433-E9731208EF54}.Debug|Any CPU.Build.0 = Debug|x86
		{15BAF791-FD64-4DB7-B433-E9731208EF54}.Debug|Any CPU.Deploy.0 = Debug|x86
		{15BAF791-FD64-4DB7-B433-E9731208EF54}.Debug|ARM.ActiveCfg = Debug|ARM
		{15BAF791-FD64-4DB7-B433-E9731208EF54}.Debug|ARM.Build.0 = Debug|ARM
		{15BAF791-FD64-4DB7-B433-E9731208EF54}.Debug|ARM.Deploy.0 = Debug|ARM
		{15BAF791-FD64-4DB7-B433-E9731208EF54}.Debug|iPhone.ActiveCfg = Debug|x86
		{15BAF791-FD64-4DB7-B433-E9731208EF54}.Debug|iPhone.Build.0 = Debug|x86
		{15BAF791-FD64-4DB7-B433-E9731208EF54}.Debug|iPhone.Deploy.0 = Debug|x86
		{15BAF791-FD64-4DB7-B433-E9731208EF54}.Debug|iPhoneSimulator.ActiveCfg = Debug|x86
		{15BAF791-FD64-4DB7-B433-E9731208EF54}.Debug|iPhoneSimulator.Build.0 = Debug|x86
		{15BAF791-FD64-4DB7-B433-E9731208EF54}.Debug|iPhoneSimulator.Deploy.0 = Debug|x86
		{15BAF791-FD64-4DB7-B433-E9731208EF54}.Debug|x64.ActiveCfg = Debug|x64
		{15BAF791-FD64-4DB7-B433-E9731208EF54}.Debug|x64.Build.0 = Debug|x64
		{15BAF791-FD64-4DB7-B433-E9731208EF54}.Debug|x64.Deploy.0 = Debug|x64
		{15BAF791-FD64-4DB7-B433-E9731208EF54}.Debug|x86.ActiveCfg = Debug|x86
		{15BAF791-FD64-4DB7-B433-E9731208EF54}.Debug|x86.Build.0 = Debug|x86
		{15BAF791-FD64-4DB7-B433-E9731208EF54}.Debug|x86.Deploy.0 = Debug|x86
		{15BAF791-FD64-4DB7-B433-E9731208EF54}.Release|Any CPU.ActiveCfg = Release|x86
		{15BAF791-FD64-4DB7-B433-E9731208EF54}.Release|Any CPU.Build.0 = Release|x86
		{15BAF791-FD64-4DB7-B433-E9731208EF54}.Release|Any CPU.Deploy.0 = Release|x86
		{15BAF791-FD64-4DB7-B433-E9731208EF54}.Release|ARM.ActiveCfg = Release|ARM
		{15BAF791-FD64-4DB7-B433-E9731208EF54}.Release|ARM.Build.0 = Release|ARM
		{15BAF791-FD64-4DB7-B433-E9731208EF54}.Release|ARM.Deploy.0 = Release|ARM
		{15BAF791-FD64-4DB7-B433-E9731208EF54}.Release|iPhone.ActiveCfg = Release|x86
		{15BAF791-FD64-4DB7-B433-E9731208EF54}.Release|iPhone.Build.0 = Release|x86
		{15BAF791-FD64-4DB7-B433-E9731208EF54}.Release|iPhone.Deploy.0 = Release|x86
		{15BAF791-FD64-4DB7-B433-E9731208EF54}.Release|iPhoneSimulator.ActiveCfg = Release|x86
		{15BAF791-FD64-4DB7-B433-E9731208EF54}.Release|iPhoneSimulator.Build.0 = Release|x86
		{15BAF791-FD64-4DB7-B433-E9731208EF54}.Release|iPhoneSimulator.Deploy.0 = Release|x86
		{15BAF791-FD64-4DB7-B433-E9731208EF54}.Release|x64.ActiveCfg = Release|x64
		{15BAF791-FD64-4DB7-B433-E9731208EF54}.Release|x64.Build.0 = Release|x64
		{15BAF791-FD64-4DB7-B433-E9731208EF54}.Release|x64.Deploy.0 = Release|x64
		{15BAF791-FD64-4DB7-B433-E9731208EF54}.Release|x86.ActiveCfg = Release|x86
		{15BAF791-FD64-4DB7-B433-E9731208EF54}.Release|x86.Build.0 = Release|x86
		{15BAF791-FD64-4DB7-B433-E9731208EF54}.Release|x86.Deploy.0 = Release|x86
		{8FD933E2-950A-4078-9B9F-4D2D8364F2A2}.Debug|Any CPU.ActiveCfg = Debug|Any CPU
		{8FD933E2-950A-4078-9B9F-4D2D8364F2A2}.Debug|Any CPU.Build.0 = Debug|Any CPU
		{8FD933E2-950A-4078-9B9F-4D2D8364F2A2}.Debug|Any CPU.Deploy.0 = Debug|Any CPU
		{8FD933E2-950A-4078-9B9F-4D2D8364F2A2}.Debug|ARM.ActiveCfg = Debug|Any CPU
		{8FD933E2-950A-4078-9B9F-4D2D8364F2A2}.Debug|ARM.Build.0 = Debug|Any CPU
		{8FD933E2-950A-4078-9B9F-4D2D8364F2A2}.Debug|ARM.Deploy.0 = Debug|Any CPU
		{8FD933E2-950A-4078-9B9F-4D2D8364F2A2}.Debug|iPhone.ActiveCfg = Debug|Any CPU
		{8FD933E2-950A-4078-9B9F-4D2D8364F2A2}.Debug|iPhone.Build.0 = Debug|Any CPU
		{8FD933E2-950A-4078-9B9F-4D2D8364F2A2}.Debug|iPhone.Deploy.0 = Debug|Any CPU
		{8FD933E2-950A-4078-9B9F-4D2D8364F2A2}.Debug|iPhoneSimulator.ActiveCfg = Debug|Any CPU
		{8FD933E2-950A-4078-9B9F-4D2D8364F2A2}.Debug|iPhoneSimulator.Build.0 = Debug|Any CPU
		{8FD933E2-950A-4078-9B9F-4D2D8364F2A2}.Debug|iPhoneSimulator.Deploy.0 = Debug|Any CPU
		{8FD933E2-950A-4078-9B9F-4D2D8364F2A2}.Debug|x64.ActiveCfg = Debug|Any CPU
		{8FD933E2-950A-4078-9B9F-4D2D8364F2A2}.Debug|x64.Build.0 = Debug|Any CPU
		{8FD933E2-950A-4078-9B9F-4D2D8364F2A2}.Debug|x64.Deploy.0 = Debug|Any CPU
		{8FD933E2-950A-4078-9B9F-4D2D8364F2A2}.Debug|x86.ActiveCfg = Debug|Any CPU
		{8FD933E2-950A-4078-9B9F-4D2D8364F2A2}.Debug|x86.Build.0 = Debug|Any CPU
		{8FD933E2-950A-4078-9B9F-4D2D8364F2A2}.Debug|x86.Deploy.0 = Debug|Any CPU
		{8FD933E2-950A-4078-9B9F-4D2D8364F2A2}.Release|Any CPU.ActiveCfg = Release|Any CPU
		{8FD933E2-950A-4078-9B9F-4D2D8364F2A2}.Release|Any CPU.Build.0 = Release|Any CPU
		{8FD933E2-950A-4078-9B9F-4D2D8364F2A2}.Release|Any CPU.Deploy.0 = Release|Any CPU
		{8FD933E2-950A-4078-9B9F-4D2D8364F2A2}.Release|ARM.ActiveCfg = Release|Any CPU
		{8FD933E2-950A-4078-9B9F-4D2D8364F2A2}.Release|ARM.Build.0 = Release|Any CPU
		{8FD933E2-950A-4078-9B9F-4D2D8364F2A2}.Release|ARM.Deploy.0 = Release|Any CPU
		{8FD933E2-950A-4078-9B9F-4D2D8364F2A2}.Release|iPhone.ActiveCfg = Release|Any CPU
		{8FD933E2-950A-4078-9B9F-4D2D8364F2A2}.Release|iPhone.Build.0 = Release|Any CPU
		{8FD933E2-950A-4078-9B9F-4D2D8364F2A2}.Release|iPhone.Deploy.0 = Release|Any CPU
		{8FD933E2-950A-4078-9B9F-4D2D8364F2A2}.Release|iPhoneSimulator.ActiveCfg = Release|Any CPU
		{8FD933E2-950A-4078-9B9F-4D2D8364F2A2}.Release|iPhoneSimulator.Build.0 = Release|Any CPU
		{8FD933E2-950A-4078-9B9F-4D2D8364F2A2}.Release|iPhoneSimulator.Deploy.0 = Release|Any CPU
		{8FD933E2-950A-4078-9B9F-4D2D8364F2A2}.Release|x64.ActiveCfg = Release|Any CPU
		{8FD933E2-950A-4078-9B9F-4D2D8364F2A2}.Release|x64.Build.0 = Release|Any CPU
		{8FD933E2-950A-4078-9B9F-4D2D8364F2A2}.Release|x64.Deploy.0 = Release|Any CPU
		{8FD933E2-950A-4078-9B9F-4D2D8364F2A2}.Release|x86.ActiveCfg = Release|Any CPU
		{8FD933E2-950A-4078-9B9F-4D2D8364F2A2}.Release|x86.Build.0 = Release|Any CPU
		{8FD933E2-950A-4078-9B9F-4D2D8364F2A2}.Release|x86.Deploy.0 = Release|Any CPU
		{7553B8A6-2839-4F58-B805-7316753EE237}.Debug|Any CPU.ActiveCfg = Debug|iPhone
		{7553B8A6-2839-4F58-B805-7316753EE237}.Debug|Any CPU.Build.0 = Debug|iPhone
		{7553B8A6-2839-4F58-B805-7316753EE237}.Debug|Any CPU.Deploy.0 = Debug|iPhone
		{7553B8A6-2839-4F58-B805-7316753EE237}.Debug|ARM.ActiveCfg = Debug|iPhoneSimulator
		{7553B8A6-2839-4F58-B805-7316753EE237}.Debug|ARM.Build.0 = Debug|iPhoneSimulator
		{7553B8A6-2839-4F58-B805-7316753EE237}.Debug|ARM.Deploy.0 = Debug|iPhoneSimulator
		{7553B8A6-2839-4F58-B805-7316753EE237}.Debug|iPhone.ActiveCfg = Debug|iPhone
		{7553B8A6-2839-4F58-B805-7316753EE237}.Debug|iPhone.Build.0 = Debug|iPhone
		{7553B8A6-2839-4F58-B805-7316753EE237}.Debug|iPhone.Deploy.0 = Debug|iPhone
		{7553B8A6-2839-4F58-B805-7316753EE237}.Debug|iPhoneSimulator.ActiveCfg = Debug|iPhoneSimulator
		{7553B8A6-2839-4F58-B805-7316753EE237}.Debug|iPhoneSimulator.Build.0 = Debug|iPhoneSimulator
		{7553B8A6-2839-4F58-B805-7316753EE237}.Debug|iPhoneSimulator.Deploy.0 = Debug|iPhoneSimulator
		{7553B8A6-2839-4F58-B805-7316753EE237}.Debug|x64.ActiveCfg = Debug|iPhone
		{7553B8A6-2839-4F58-B805-7316753EE237}.Debug|x64.Build.0 = Debug|iPhone
		{7553B8A6-2839-4F58-B805-7316753EE237}.Debug|x64.Deploy.0 = Debug|iPhone
		{7553B8A6-2839-4F58-B805-7316753EE237}.Debug|x86.ActiveCfg = Debug|iPhone
		{7553B8A6-2839-4F58-B805-7316753EE237}.Debug|x86.Build.0 = Debug|iPhone
		{7553B8A6-2839-4F58-B805-7316753EE237}.Debug|x86.Deploy.0 = Debug|iPhone
		{7553B8A6-2839-4F58-B805-7316753EE237}.Release|Any CPU.ActiveCfg = Release|iPhone
		{7553B8A6-2839-4F58-B805-7316753EE237}.Release|Any CPU.Build.0 = Release|iPhone
		{7553B8A6-2839-4F58-B805-7316753EE237}.Release|Any CPU.Deploy.0 = Release|iPhone
		{7553B8A6-2839-4F58-B805-7316753EE237}.Release|ARM.ActiveCfg = Release|iPhone
		{7553B8A6-2839-4F58-B805-7316753EE237}.Release|ARM.Build.0 = Release|iPhone
		{7553B8A6-2839-4F58-B805-7316753EE237}.Release|ARM.Deploy.0 = Release|iPhone
		{7553B8A6-2839-4F58-B805-7316753EE237}.Release|iPhone.ActiveCfg = Release|iPhone
		{7553B8A6-2839-4F58-B805-7316753EE237}.Release|iPhone.Build.0 = Release|iPhone
		{7553B8A6-2839-4F58-B805-7316753EE237}.Release|iPhone.Deploy.0 = Release|iPhone
		{7553B8A6-2839-4F58-B805-7316753EE237}.Release|iPhoneSimulator.ActiveCfg = Release|iPhoneSimulator
		{7553B8A6-2839-4F58-B805-7316753EE237}.Release|iPhoneSimulator.Build.0 = Release|iPhoneSimulator
		{7553B8A6-2839-4F58-B805-7316753EE237}.Release|iPhoneSimulator.Deploy.0 = Release|iPhoneSimulator
		{7553B8A6-2839-4F58-B805-7316753EE237}.Release|x64.ActiveCfg = Release|iPhone
		{7553B8A6-2839-4F58-B805-7316753EE237}.Release|x64.Build.0 = Release|iPhone
		{7553B8A6-2839-4F58-B805-7316753EE237}.Release|x64.Deploy.0 = Release|iPhone
		{7553B8A6-2839-4F58-B805-7316753EE237}.Release|x86.ActiveCfg = Release|iPhone
		{7553B8A6-2839-4F58-B805-7316753EE237}.Release|x86.Build.0 = Release|iPhone
		{7553B8A6-2839-4F58-B805-7316753EE237}.Release|x86.Deploy.0 = Release|iPhone
		{3014C5C4-6F68-41A9-A36A-06645003AD99}.Debug|Any CPU.ActiveCfg = Debug|Any CPU
		{3014C5C4-6F68-41A9-A36A-06645003AD99}.Debug|Any CPU.Build.0 = Debug|Any CPU
		{3014C5C4-6F68-41A9-A36A-06645003AD99}.Debug|Any CPU.Deploy.0 = Debug|Any CPU
		{3014C5C4-6F68-41A9-A36A-06645003AD99}.Debug|ARM.ActiveCfg = Debug|Any CPU
		{3014C5C4-6F68-41A9-A36A-06645003AD99}.Debug|ARM.Build.0 = Debug|Any CPU
		{3014C5C4-6F68-41A9-A36A-06645003AD99}.Debug|ARM.Deploy.0 = Debug|Any CPU
		{3014C5C4-6F68-41A9-A36A-06645003AD99}.Debug|iPhone.ActiveCfg = Debug|Any CPU
		{3014C5C4-6F68-41A9-A36A-06645003AD99}.Debug|iPhone.Build.0 = Debug|Any CPU
		{3014C5C4-6F68-41A9-A36A-06645003AD99}.Debug|iPhone.Deploy.0 = Debug|Any CPU
		{3014C5C4-6F68-41A9-A36A-06645003AD99}.Debug|iPhoneSimulator.ActiveCfg = Debug|Any CPU
		{3014C5C4-6F68-41A9-A36A-06645003AD99}.Debug|iPhoneSimulator.Build.0 = Debug|Any CPU
		{3014C5C4-6F68-41A9-A36A-06645003AD99}.Debug|iPhoneSimulator.Deploy.0 = Debug|Any CPU
		{3014C5C4-6F68-41A9-A36A-06645003AD99}.Debug|x64.ActiveCfg = Debug|Any CPU
		{3014C5C4-6F68-41A9-A36A-06645003AD99}.Debug|x64.Build.0 = Debug|Any CPU
		{3014C5C4-6F68-41A9-A36A-06645003AD99}.Debug|x64.Deploy.0 = Debug|Any CPU
		{3014C5C4-6F68-41A9-A36A-06645003AD99}.Debug|x86.ActiveCfg = Debug|Any CPU
		{3014C5C4-6F68-41A9-A36A-06645003AD99}.Debug|x86.Build.0 = Debug|Any CPU
		{3014C5C4-6F68-41A9-A36A-06645003AD99}.Debug|x86.Deploy.0 = Debug|Any CPU
		{3014C5C4-6F68-41A9-A36A-06645003AD99}.Release|Any CPU.ActiveCfg = Release|Any CPU
		{3014C5C4-6F68-41A9-A36A-06645003AD99}.Release|Any CPU.Build.0 = Release|Any CPU
		{3014C5C4-6F68-41A9-A36A-06645003AD99}.Release|Any CPU.Deploy.0 = Release|Any CPU
		{3014C5C4-6F68-41A9-A36A-06645003AD99}.Release|ARM.ActiveCfg = Release|Any CPU
		{3014C5C4-6F68-41A9-A36A-06645003AD99}.Release|ARM.Build.0 = Release|Any CPU
		{3014C5C4-6F68-41A9-A36A-06645003AD99}.Release|ARM.Deploy.0 = Release|Any CPU
		{3014C5C4-6F68-41A9-A36A-06645003AD99}.Release|iPhone.ActiveCfg = Release|Any CPU
		{3014C5C4-6F68-41A9-A36A-06645003AD99}.Release|iPhone.Build.0 = Release|Any CPU
		{3014C5C4-6F68-41A9-A36A-06645003AD99}.Release|iPhone.Deploy.0 = Release|Any CPU
		{3014C5C4-6F68-41A9-A36A-06645003AD99}.Release|iPhoneSimulator.ActiveCfg = Release|Any CPU
		{3014C5C4-6F68-41A9-A36A-06645003AD99}.Release|iPhoneSimulator.Build.0 = Release|Any CPU
		{3014C5C4-6F68-41A9-A36A-06645003AD99}.Release|iPhoneSimulator.Deploy.0 = Release|Any CPU
		{3014C5C4-6F68-41A9-A36A-06645003AD99}.Release|x64.ActiveCfg = Release|Any CPU
		{3014C5C4-6F68-41A9-A36A-06645003AD99}.Release|x64.Build.0 = Release|Any CPU
		{3014C5C4-6F68-41A9-A36A-06645003AD99}.Release|x64.Deploy.0 = Release|Any CPU
		{3014C5C4-6F68-41A9-A36A-06645003AD99}.Release|x86.ActiveCfg = Release|Any CPU
		{3014C5C4-6F68-41A9-A36A-06645003AD99}.Release|x86.Build.0 = Release|Any CPU
		{3014C5C4-6F68-41A9-A36A-06645003AD99}.Release|x86.Deploy.0 = Release|Any CPU
	EndGlobalSection
	GlobalSection(SolutionProperties) = preSolution
		HideSolutionNode = FALSE
	EndGlobalSection
	GlobalSection(ExtensibilityGlobals) = postSolution
		SolutionGuid = {97A0C9AC-5887-4FE9-B6CA-08212B59B64C}
	EndGlobalSection
EndGlobal
